# THIS IS AN AUTOGENERATED FILE. DO NOT EDIT THIS FILE DIRECTLY.
# yarn lockfile v1


"@babel/runtime@^7.1.2":
  version "7.4.3"
  resolved "https://registry.yarnpkg.com/@babel/runtime/-/runtime-7.4.3.tgz#79888e452034223ad9609187a0ad1fe0d2ad4bdc"
  dependencies:
    regenerator-runtime "^0.13.2"

"@blueprintjs/core@^3.15.0", "@blueprintjs/core@^3.9.0":
  version "3.15.0"
  resolved "https://registry.yarnpkg.com/@blueprintjs/core/-/core-3.15.0.tgz#49ba1dfee7dcefbb527d27c0f8d6bcf1086209d4"
  dependencies:
    "@blueprintjs/icons" "^3.7.0"
    "@types/dom4" "^2.0.1"
    classnames "^2.2"
    dom4 "^2.0.1"
    normalize.css "^8.0.0"
    popper.js "^1.14.1"
    react-popper "^1.0.0"
    react-transition-group "^2.2.1"
    resize-observer-polyfill "^1.5.0"
    tslib "^1.9.0"

"@blueprintjs/icons@^3.3.0", "@blueprintjs/icons@^3.7.0":
  version "3.7.0"
  resolved "https://registry.yarnpkg.com/@blueprintjs/icons/-/icons-3.7.0.tgz#2a1907a41913773792c828a6c3ef082a1f1ebb77"
  dependencies:
    classnames "^2.2"
    tslib "^1.9.0"

"@blueprintjs/select@^3.3.0":
  version "3.8.0"
  resolved "https://registry.yarnpkg.com/@blueprintjs/select/-/select-3.8.0.tgz#903cc9ab50da4cec08f559be27b7fa7f9f1560e5"
  dependencies:
    "@blueprintjs/core" "^3.15.0"
    classnames "^2.2"
    tslib "^1.9.0"

"@jupyterlab/application@^1.0.0-alpha.3":
  version "1.0.0-alpha.3"
  resolved "https://registry.yarnpkg.com/@jupyterlab/application/-/application-1.0.0-alpha.3.tgz#74a0c6ad654444131f1fae77a899687bb0ce8f71"
  dependencies:
    "@jupyterlab/apputils" "^1.0.0-alpha.3"
    "@jupyterlab/coreutils" "^3.0.0-alpha.3"
    "@jupyterlab/docregistry" "^1.0.0-alpha.3"
    "@jupyterlab/rendermime" "^1.0.0-alpha.3"
    "@jupyterlab/rendermime-interfaces" "^1.3.0-alpha.3"
    "@jupyterlab/services" "^4.0.0-alpha.3"
    "@phosphor/algorithm" "^1.1.2"
    "@phosphor/application" "^1.6.0"
    "@phosphor/commands" "^1.6.1"
    "@phosphor/coreutils" "^1.3.0"
    "@phosphor/disposable" "^1.1.2"
    "@phosphor/messaging" "^1.2.2"
    "@phosphor/properties" "^1.1.2"
    "@phosphor/signaling" "^1.2.2"
    "@phosphor/widgets" "^1.6.0"
    font-awesome "~4.7.0"

"@jupyterlab/apputils@^1.0.0-alpha.3":
  version "1.0.0-alpha.3"
  resolved "https://registry.yarnpkg.com/@jupyterlab/apputils/-/apputils-1.0.0-alpha.3.tgz#a63036a40c9fd2689061d260c5bab552921681c8"
  dependencies:
    "@jupyterlab/coreutils" "^3.0.0-alpha.3"
    "@jupyterlab/services" "^4.0.0-alpha.3"
    "@jupyterlab/ui-components" "^1.0.0-alpha.3"
    "@phosphor/algorithm" "^1.1.2"
    "@phosphor/commands" "^1.6.1"
    "@phosphor/coreutils" "^1.3.0"
    "@phosphor/disposable" "^1.1.2"
    "@phosphor/domutils" "^1.1.2"
    "@phosphor/messaging" "^1.2.2"
    "@phosphor/properties" "^1.1.2"
    "@phosphor/signaling" "^1.2.2"
    "@phosphor/virtualdom" "^1.1.2"
    "@phosphor/widgets" "^1.6.0"
    "@types/react" "~16.4.13"
    react "~16.4.2"
    react-dom "~16.4.2"
    sanitize-html "~1.18.2"

"@jupyterlab/attachments@^1.0.0-alpha.3":
  version "1.0.0-alpha.3"
  resolved "https://registry.yarnpkg.com/@jupyterlab/attachments/-/attachments-1.0.0-alpha.3.tgz#87422a288ef7554a9e4fdf163a8b0e64e3e70476"
  dependencies:
    "@jupyterlab/coreutils" "^3.0.0-alpha.3"
    "@jupyterlab/observables" "^2.2.0-alpha.3"
    "@jupyterlab/rendermime" "^1.0.0-alpha.3"
    "@jupyterlab/rendermime-interfaces" "^1.3.0-alpha.3"
    "@phosphor/disposable" "^1.1.2"
    "@phosphor/signaling" "^1.2.2"

"@jupyterlab/cells@^1.0.0-alpha.3":
  version "1.0.0-alpha.4"
  resolved "https://registry.yarnpkg.com/@jupyterlab/cells/-/cells-1.0.0-alpha.4.tgz#cf17dd0e00dd1e53d6aed183c83f6763c4a9143c"
  dependencies:
    "@jupyterlab/apputils" "^1.0.0-alpha.3"
    "@jupyterlab/attachments" "^1.0.0-alpha.3"
    "@jupyterlab/codeeditor" "^1.0.0-alpha.3"
    "@jupyterlab/codemirror" "^1.0.0-alpha.3"
    "@jupyterlab/coreutils" "^3.0.0-alpha.3"
    "@jupyterlab/observables" "^2.2.0-alpha.3"
    "@jupyterlab/outputarea" "^1.0.0-alpha.3"
    "@jupyterlab/rendermime" "^1.0.0-alpha.3"
    "@jupyterlab/services" "^4.0.0-alpha.3"
    "@phosphor/algorithm" "^1.1.2"
    "@phosphor/coreutils" "^1.3.0"
    "@phosphor/messaging" "^1.2.2"
    "@phosphor/signaling" "^1.2.2"
    "@phosphor/virtualdom" "^1.1.2"
    "@phosphor/widgets" "^1.6.0"
    react "~16.4.2"

"@jupyterlab/codeeditor@^1.0.0-alpha.3":
  version "1.0.0-alpha.3"
  resolved "https://registry.yarnpkg.com/@jupyterlab/codeeditor/-/codeeditor-1.0.0-alpha.3.tgz#f588ae4eef2d12bbfc449b540fb6a4d24442d07a"
  dependencies:
    "@jupyterlab/coreutils" "^3.0.0-alpha.3"
    "@jupyterlab/observables" "^2.2.0-alpha.3"
    "@phosphor/coreutils" "^1.3.0"
    "@phosphor/disposable" "^1.1.2"
    "@phosphor/dragdrop" "^1.3.0"
    "@phosphor/messaging" "^1.2.2"
    "@phosphor/signaling" "^1.2.2"
    "@phosphor/widgets" "^1.6.0"

"@jupyterlab/codemirror@^1.0.0-alpha.3":
  version "1.0.0-alpha.3"
  resolved "https://registry.yarnpkg.com/@jupyterlab/codemirror/-/codemirror-1.0.0-alpha.3.tgz#378ffeaa98e412c617f61e84ee507dcdc516fe61"
  dependencies:
    "@jupyterlab/apputils" "^1.0.0-alpha.3"
    "@jupyterlab/codeeditor" "^1.0.0-alpha.3"
    "@jupyterlab/coreutils" "^3.0.0-alpha.3"
    "@jupyterlab/observables" "^2.2.0-alpha.3"
    "@jupyterlab/statusbar" "^1.0.0-alpha.3"
    "@phosphor/algorithm" "^1.1.2"
    "@phosphor/commands" "^1.6.1"
    "@phosphor/coreutils" "^1.3.0"
    "@phosphor/disposable" "^1.1.2"
    "@phosphor/signaling" "^1.2.2"
    "@phosphor/widgets" "^1.6.0"
    codemirror "~5.42.0"
    react "~16.4.2"

"@jupyterlab/coreutils@^3.0.0-alpha.3":
  version "3.0.0-alpha.3"
  resolved "https://registry.yarnpkg.com/@jupyterlab/coreutils/-/coreutils-3.0.0-alpha.3.tgz#2eaba6d9d3f2667dbbad4c6c1eadde182fb0d989"
  dependencies:
    "@phosphor/coreutils" "^1.3.0"
    "@phosphor/disposable" "^1.1.2"
    "@phosphor/signaling" "^1.2.2"
    ajv "^6.5.5"
    comment-json "^1.1.3"
    minimist "~1.2.0"
    moment "~2.21.0"
    path-posix "~1.0.0"
    url-parse "~1.4.3"

"@jupyterlab/docregistry@^1.0.0-alpha.3":
  version "1.0.0-alpha.3"
  resolved "https://registry.yarnpkg.com/@jupyterlab/docregistry/-/docregistry-1.0.0-alpha.3.tgz#94fd89c2b99a86118a9ceedef11ed8271bc2b55b"
  dependencies:
    "@jupyterlab/apputils" "^1.0.0-alpha.3"
    "@jupyterlab/codeeditor" "^1.0.0-alpha.3"
    "@jupyterlab/codemirror" "^1.0.0-alpha.3"
    "@jupyterlab/coreutils" "^3.0.0-alpha.3"
    "@jupyterlab/observables" "^2.2.0-alpha.3"
    "@jupyterlab/rendermime" "^1.0.0-alpha.3"
    "@jupyterlab/rendermime-interfaces" "^1.3.0-alpha.3"
    "@jupyterlab/services" "^4.0.0-alpha.3"
    "@phosphor/algorithm" "^1.1.2"
    "@phosphor/coreutils" "^1.3.0"
    "@phosphor/disposable" "^1.1.2"
    "@phosphor/messaging" "^1.2.2"
    "@phosphor/signaling" "^1.2.2"
    "@phosphor/widgets" "^1.6.0"

"@jupyterlab/notebook@^1.0.0-alpha.4":
  version "1.0.0-alpha.4"
  resolved "https://registry.yarnpkg.com/@jupyterlab/notebook/-/notebook-1.0.0-alpha.4.tgz#62bd27c0aa409ea1eeb9d2dc3506d8874f74f0bb"
  dependencies:
    "@jupyterlab/apputils" "^1.0.0-alpha.3"
    "@jupyterlab/cells" "^1.0.0-alpha.3"
    "@jupyterlab/codeeditor" "^1.0.0-alpha.3"
    "@jupyterlab/coreutils" "^3.0.0-alpha.3"
    "@jupyterlab/docregistry" "^1.0.0-alpha.3"
    "@jupyterlab/observables" "^2.2.0-alpha.3"
    "@jupyterlab/rendermime" "^1.0.0-alpha.3"
    "@jupyterlab/services" "^4.0.0-alpha.3"
    "@jupyterlab/statusbar" "^1.0.0-alpha.3"
    "@jupyterlab/ui-components" "^1.0.0-alpha.3"
    "@phosphor/algorithm" "^1.1.2"
    "@phosphor/coreutils" "^1.3.0"
    "@phosphor/domutils" "^1.1.2"
    "@phosphor/dragdrop" "^1.3.0"
    "@phosphor/messaging" "^1.2.2"
    "@phosphor/properties" "^1.1.2"
    "@phosphor/signaling" "^1.2.2"
    "@phosphor/virtualdom" "^1.1.2"
    "@phosphor/widgets" "^1.6.0"
    react "~16.4.2"

"@jupyterlab/observables@^2.2.0-alpha.3":
  version "2.2.0-alpha.3"
  resolved "https://registry.yarnpkg.com/@jupyterlab/observables/-/observables-2.2.0-alpha.3.tgz#dc300dafffefa19bca8a7d4f1915e946c82b275f"
  dependencies:
    "@phosphor/algorithm" "^1.1.2"
    "@phosphor/coreutils" "^1.3.0"
    "@phosphor/disposable" "^1.1.2"
    "@phosphor/messaging" "^1.2.2"
    "@phosphor/signaling" "^1.2.2"

"@jupyterlab/outputarea@^1.0.0-alpha.3":
  version "1.0.0-alpha.3"
  resolved "https://registry.yarnpkg.com/@jupyterlab/outputarea/-/outputarea-1.0.0-alpha.3.tgz#ead1f5d43b8dda7db978b1d3b970faca30978e43"
  dependencies:
    "@jupyterlab/apputils" "^1.0.0-alpha.3"
    "@jupyterlab/coreutils" "^3.0.0-alpha.3"
    "@jupyterlab/observables" "^2.2.0-alpha.3"
    "@jupyterlab/rendermime" "^1.0.0-alpha.3"
    "@jupyterlab/rendermime-interfaces" "^1.3.0-alpha.3"
    "@jupyterlab/services" "^4.0.0-alpha.3"
    "@phosphor/algorithm" "^1.1.2"
    "@phosphor/coreutils" "^1.3.0"
    "@phosphor/disposable" "^1.1.2"
    "@phosphor/messaging" "^1.2.2"
    "@phosphor/signaling" "^1.2.2"
    "@phosphor/widgets" "^1.6.0"

"@jupyterlab/rendermime-interfaces@^1.3.0-alpha.3":
  version "1.3.0-alpha.3"
  resolved "https://registry.yarnpkg.com/@jupyterlab/rendermime-interfaces/-/rendermime-interfaces-1.3.0-alpha.3.tgz#4b5a6ed3a50856233d488de732e38e68e663af22"
  dependencies:
    "@phosphor/coreutils" "^1.3.0"
    "@phosphor/widgets" "^1.6.0"

"@jupyterlab/rendermime@^1.0.0-alpha.3":
  version "1.0.0-alpha.3"
  resolved "https://registry.yarnpkg.com/@jupyterlab/rendermime/-/rendermime-1.0.0-alpha.3.tgz#bd8666c94145bb76f2a3723d383e337c10a409ed"
  dependencies:
    "@jupyterlab/apputils" "^1.0.0-alpha.3"
    "@jupyterlab/codemirror" "^1.0.0-alpha.3"
    "@jupyterlab/coreutils" "^3.0.0-alpha.3"
    "@jupyterlab/observables" "^2.2.0-alpha.3"
    "@jupyterlab/rendermime-interfaces" "^1.3.0-alpha.3"
    "@jupyterlab/services" "^4.0.0-alpha.3"
    "@phosphor/algorithm" "^1.1.2"
    "@phosphor/coreutils" "^1.3.0"
    "@phosphor/messaging" "^1.2.2"
    "@phosphor/signaling" "^1.2.2"
    "@phosphor/widgets" "^1.6.0"
    lodash.escape "^4.0.1"
    marked "0.5.1"

"@jupyterlab/services@^4.0.0-alpha.3":
  version "4.0.0-alpha.3"
  resolved "https://registry.yarnpkg.com/@jupyterlab/services/-/services-4.0.0-alpha.3.tgz#55842709c3308125f99e00a4d9c146ce7fb0f318"
  dependencies:
    "@jupyterlab/coreutils" "^3.0.0-alpha.3"
    "@jupyterlab/observables" "^2.2.0-alpha.3"
    "@phosphor/algorithm" "^1.1.2"
    "@phosphor/coreutils" "^1.3.0"
    "@phosphor/disposable" "^1.1.2"
    "@phosphor/signaling" "^1.2.2"
    node-fetch "~2.2.0"
    ws "~6.0.0"

"@jupyterlab/statusbar@^1.0.0-alpha.3":
  version "1.0.0-alpha.3"
  resolved "https://registry.yarnpkg.com/@jupyterlab/statusbar/-/statusbar-1.0.0-alpha.3.tgz#335a072636e767134e3407b2bf952aebdf4aaad4"
  dependencies:
    "@jupyterlab/apputils" "^1.0.0-alpha.3"
    "@jupyterlab/codeeditor" "^1.0.0-alpha.3"
    "@jupyterlab/coreutils" "^3.0.0-alpha.3"
    "@jupyterlab/services" "^4.0.0-alpha.3"
    "@phosphor/algorithm" "^1.1.2"
    "@phosphor/coreutils" "^1.3.0"
    "@phosphor/disposable" "^1.1.2"
    "@phosphor/messaging" "^1.2.2"
    "@phosphor/signaling" "^1.2.2"
    "@phosphor/widgets" "^1.6.0"
    react "~16.4.2"
    typestyle "^2.0.1"

"@jupyterlab/ui-components@^1.0.0-alpha.3":
  version "1.0.0-alpha.3"
  resolved "https://registry.yarnpkg.com/@jupyterlab/ui-components/-/ui-components-1.0.0-alpha.3.tgz#835fd6b121d1333d079d7381c8f8a326fdb8726d"
  dependencies:
    "@blueprintjs/core" "^3.9.0"
    "@blueprintjs/icons" "^3.3.0"
    "@blueprintjs/select" "^3.3.0"
    react "~16.4.2"

"@phosphor/algorithm@^1.1.2":
  version "1.1.2"
  resolved "https://registry.yarnpkg.com/@phosphor/algorithm/-/algorithm-1.1.2.tgz#fd1de9104c9a7f34e92864586ddf2e7f2e7779e8"

"@phosphor/application@^1.6.0":
  version "1.6.0"
  resolved "https://registry.yarnpkg.com/@phosphor/application/-/application-1.6.0.tgz#e1f1bf300680f982881d222a77b24ba8589d3fa2"
  dependencies:
    "@phosphor/commands" "^1.5.0"
    "@phosphor/coreutils" "^1.3.0"
    "@phosphor/widgets" "^1.6.0"

"@phosphor/collections@^1.1.2":
  version "1.1.2"
  resolved "https://registry.yarnpkg.com/@phosphor/collections/-/collections-1.1.2.tgz#c4c0b8b91129905fb36a9f243f2dbbde462dab8d"
  dependencies:
    "@phosphor/algorithm" "^1.1.2"

"@phosphor/commands@^1.5.0", "@phosphor/commands@^1.6.1":
  version "1.6.1"
  resolved "https://registry.yarnpkg.com/@phosphor/commands/-/commands-1.6.1.tgz#6f60c2a3b759316cd1363b426df3b4036bb2c7fd"
  dependencies:
    "@phosphor/algorithm" "^1.1.2"
    "@phosphor/coreutils" "^1.3.0"
    "@phosphor/disposable" "^1.1.2"
    "@phosphor/domutils" "^1.1.2"
    "@phosphor/keyboard" "^1.1.2"
    "@phosphor/signaling" "^1.2.2"

"@phosphor/coreutils@^1.3.0":
  version "1.3.0"
  resolved "https://registry.yarnpkg.com/@phosphor/coreutils/-/coreutils-1.3.0.tgz#63292d381c012c5ab0d0196e83ced829b7e04a42"

"@phosphor/disposable@^1.1.2":
  version "1.1.2"
  resolved "https://registry.yarnpkg.com/@phosphor/disposable/-/disposable-1.1.2.tgz#a192dd6a2e6c69d5d09d39ecf334dab93778060e"
  dependencies:
    "@phosphor/algorithm" "^1.1.2"

"@phosphor/domutils@^1.1.2":
  version "1.1.2"
  resolved "https://registry.yarnpkg.com/@phosphor/domutils/-/domutils-1.1.2.tgz#e2efeb052f398c42b93b89e9bab26af15cc00514"

"@phosphor/dragdrop@^1.3.0":
  version "1.3.0"
  resolved "https://registry.yarnpkg.com/@phosphor/dragdrop/-/dragdrop-1.3.0.tgz#7ce6ad39d6ca216d62a56f78104d02a77ae67307"
  dependencies:
    "@phosphor/coreutils" "^1.3.0"
    "@phosphor/disposable" "^1.1.2"

"@phosphor/keyboard@^1.1.2":
  version "1.1.2"
  resolved "https://registry.yarnpkg.com/@phosphor/keyboard/-/keyboard-1.1.2.tgz#3e32234451764240a98e148034d5a8797422dd1f"

"@phosphor/messaging@^1.2.2":
  version "1.2.2"
  resolved "https://registry.yarnpkg.com/@phosphor/messaging/-/messaging-1.2.2.tgz#7d896ddd3797b94a347708ded13da5783db75c14"
  dependencies:
    "@phosphor/algorithm" "^1.1.2"
    "@phosphor/collections" "^1.1.2"

"@phosphor/properties@^1.1.2":
  version "1.1.2"
  resolved "https://registry.yarnpkg.com/@phosphor/properties/-/properties-1.1.2.tgz#78cc77eff452839da02255de48e814946cc09a28"

"@phosphor/signaling@^1.2.2":
  version "1.2.2"
  resolved "https://registry.yarnpkg.com/@phosphor/signaling/-/signaling-1.2.2.tgz#3fcf97ca88e38bfb357fe8fe6bf7513347a514a9"
  dependencies:
    "@phosphor/algorithm" "^1.1.2"

"@phosphor/virtualdom@^1.1.2":
  version "1.1.2"
  resolved "https://registry.yarnpkg.com/@phosphor/virtualdom/-/virtualdom-1.1.2.tgz#ce55c86eef31e5d0e26b1dc96ea32bd684458f41"
  dependencies:
    "@phosphor/algorithm" "^1.1.2"

"@phosphor/widgets@^1.6.0":
  version "1.6.0"
  resolved "https://registry.yarnpkg.com/@phosphor/widgets/-/widgets-1.6.0.tgz#ebba8008b6b13247d03e73e5f3872c90d2c9c78f"
  dependencies:
    "@phosphor/algorithm" "^1.1.2"
    "@phosphor/commands" "^1.5.0"
    "@phosphor/coreutils" "^1.3.0"
    "@phosphor/disposable" "^1.1.2"
    "@phosphor/domutils" "^1.1.2"
    "@phosphor/dragdrop" "^1.3.0"
    "@phosphor/keyboard" "^1.1.2"
    "@phosphor/messaging" "^1.2.2"
    "@phosphor/properties" "^1.1.2"
    "@phosphor/signaling" "^1.2.2"
    "@phosphor/virtualdom" "^1.1.2"

"@types/dom4@^2.0.1":
  version "2.0.1"
  resolved "https://registry.yarnpkg.com/@types/dom4/-/dom4-2.0.1.tgz#506d5781b9bcab81bd9a878b198aec7dee2a6033"

"@types/prop-types@*":
  version "15.5.6"
  resolved "https://registry.yarnpkg.com/@types/prop-types/-/prop-types-15.5.6.tgz#9c03d3fed70a8d517c191b7734da2879b50ca26c"

"@types/react@~16.4.13":
  version "16.4.18"
  resolved "https://registry.yarnpkg.com/@types/react/-/react-16.4.18.tgz#2e28a2e7f92d3fa7d6a65f2b73275c3e3138a13d"
  dependencies:
    "@types/prop-types" "*"
    csstype "^2.2.0"

ajv@^6.5.5:
  version "6.10.0"
  resolved "https://registry.yarnpkg.com/ajv/-/ajv-6.10.0.tgz#90d0d54439da587cd7e843bfb7045f50bd22bdf1"
  dependencies:
    fast-deep-equal "^2.0.1"
    fast-json-stable-stringify "^2.0.0"
    json-schema-traverse "^0.4.1"
    uri-js "^4.2.2"

ansi-styles@^3.2.1:
  version "3.2.1"
  resolved "https://registry.yarnpkg.com/ansi-styles/-/ansi-styles-3.2.1.tgz#41fbb20243e50b12be0f04b8dedbf07520ce841d"
  dependencies:
    color-convert "^1.9.0"

array-uniq@^1.0.2:
  version "1.0.3"
  resolved "https://registry.yarnpkg.com/array-uniq/-/array-uniq-1.0.3.tgz#af6ac877a25cc7f74e058894753858dfdb24fdb6"

asap@~2.0.3:
  version "2.0.6"
  resolved "https://registry.yarnpkg.com/asap/-/asap-2.0.6.tgz#e50347611d7e690943208bbdafebcbc2fb866d46"

async-limiter@~1.0.0:
  version "1.0.0"
  resolved "https://registry.yarnpkg.com/async-limiter/-/async-limiter-1.0.0.tgz#78faed8c3d074ab81f22b4e985d79e8738f720f8"

balanced-match@^1.0.0:
  version "1.0.0"
  resolved "https://registry.yarnpkg.com/balanced-match/-/balanced-match-1.0.0.tgz#89b4d199ab2bee49de164ea02b89ce462d71b767"

brace-expansion@^1.1.7:
  version "1.1.11"
  resolved "https://registry.yarnpkg.com/brace-expansion/-/brace-expansion-1.1.11.tgz#3c7fcbf529d87226f3d2f52b966ff5271eb441dd"
  dependencies:
    balanced-match "^1.0.0"
    concat-map "0.0.1"

chalk@^2.3.0, chalk@^2.4.1:
  version "2.4.1"
  resolved "https://registry.yarnpkg.com/chalk/-/chalk-2.4.1.tgz#18c49ab16a037b6eb0152cc83e3471338215b66e"
  dependencies:
    ansi-styles "^3.2.1"
    escape-string-regexp "^1.0.5"
    supports-color "^5.3.0"

classnames@^2.2:
  version "2.2.6"
  resolved "https://registry.yarnpkg.com/classnames/-/classnames-2.2.6.tgz#43935bffdd291f326dad0a205309b38d00f650ce"

codemirror@~5.42.0:
  version "5.42.2"
  resolved "https://registry.yarnpkg.com/codemirror/-/codemirror-5.42.2.tgz#801ab715a7a7e1c7ed4162b78e9d8138b98de8f0"

color-convert@^1.9.0:
  version "1.9.3"
  resolved "https://registry.yarnpkg.com/color-convert/-/color-convert-1.9.3.tgz#bb71850690e1f136567de629d2d5471deda4c1e8"
  dependencies:
    color-name "1.1.3"

color-name@1.1.3:
  version "1.1.3"
  resolved "https://registry.yarnpkg.com/color-name/-/color-name-1.1.3.tgz#a7d0558bd89c42f795dd42328f740831ca53bc25"

comment-json@^1.1.3:
  version "1.1.3"
  resolved "https://registry.yarnpkg.com/comment-json/-/comment-json-1.1.3.tgz#6986c3330fee0c4c9e00c2398cd61afa5d8f239e"
  dependencies:
    json-parser "^1.0.0"

concat-map@0.0.1:
  version "0.0.1"
  resolved "https://registry.yarnpkg.com/concat-map/-/concat-map-0.0.1.tgz#d8a96bd77fd68df7793a73036a3ba0d5405d477b"

core-js@^1.0.0:
  version "1.2.7"
  resolved "http://registry.npmjs.org/core-js/-/core-js-1.2.7.tgz#652294c14651db28fa93bd2d5ff2983a4f08c636"

create-react-context@<=0.2.2:
  version "0.2.2"
  resolved "https://registry.yarnpkg.com/create-react-context/-/create-react-context-0.2.2.tgz#9836542f9aaa22868cd7d4a6f82667df38019dca"
  dependencies:
    fbjs "^0.8.0"
    gud "^1.0.0"

csstype@^2.2.0:
  version "2.5.7"
  resolved "https://registry.yarnpkg.com/csstype/-/csstype-2.5.7.tgz#bf9235d5872141eccfb2d16d82993c6b149179ff"

csstype@^2.4.0:
  version "2.6.3"
  resolved "https://registry.yarnpkg.com/csstype/-/csstype-2.6.3.tgz#b701e5968245bf9b08d54ac83d00b624e622a9fa"

dom-helpers@^3.3.1:
  version "3.4.0"
  resolved "https://registry.yarnpkg.com/dom-helpers/-/dom-helpers-3.4.0.tgz#e9b369700f959f62ecde5a6babde4bccd9169af8"
  dependencies:
    "@babel/runtime" "^7.1.2"

dom-serializer@0:
  version "0.1.0"
  resolved "https://registry.yarnpkg.com/dom-serializer/-/dom-serializer-0.1.0.tgz#073c697546ce0780ce23be4a28e293e40bc30c82"
  dependencies:
    domelementtype "~1.1.1"
    entities "~1.1.1"

dom4@^2.0.1:
  version "2.1.4"
  resolved "https://registry.yarnpkg.com/dom4/-/dom4-2.1.4.tgz#400a42cba4719a3e2eced93eff7738831d2746f6"

domelementtype@1:
  version "1.2.1"
  resolved "https://registry.yarnpkg.com/domelementtype/-/domelementtype-1.2.1.tgz#578558ef23befac043a1abb0db07635509393479"

domelementtype@^1.3.0:
  version "1.3.0"
  resolved "http://registry.npmjs.org/domelementtype/-/domelementtype-1.3.0.tgz#b17aed82e8ab59e52dd9c19b1756e0fc187204c2"

domelementtype@~1.1.1:
  version "1.1.3"
  resolved "http://registry.npmjs.org/domelementtype/-/domelementtype-1.1.3.tgz#bd28773e2642881aec51544924299c5cd822185b"

domhandler@^2.3.0:
  version "2.4.2"
  resolved "https://registry.yarnpkg.com/domhandler/-/domhandler-2.4.2.tgz#8805097e933d65e85546f726d60f5eb88b44f803"
  dependencies:
    domelementtype "1"

domutils@^1.5.1:
  version "1.7.0"
  resolved "https://registry.yarnpkg.com/domutils/-/domutils-1.7.0.tgz#56ea341e834e06e6748af7a1cb25da67ea9f8c2a"
  dependencies:
    dom-serializer "0"
    domelementtype "1"

encoding@^0.1.11:
  version "0.1.12"
  resolved "https://registry.yarnpkg.com/encoding/-/encoding-0.1.12.tgz#538b66f3ee62cd1ab51ec323829d1f9480c74beb"
  dependencies:
    iconv-lite "~0.4.13"

entities@^1.1.1, entities@~1.1.1:
  version "1.1.2"
  resolved "https://registry.yarnpkg.com/entities/-/entities-1.1.2.tgz#bdfa735299664dfafd34529ed4f8522a275fea56"

escape-string-regexp@^1.0.5:
  version "1.0.5"
  resolved "https://registry.yarnpkg.com/escape-string-regexp/-/escape-string-regexp-1.0.5.tgz#1b61c0562190a8dff6ae3bb2cf0200ca130b86d4"

esprima@^2.7.0:
  version "2.7.3"
  resolved "https://registry.yarnpkg.com/esprima/-/esprima-2.7.3.tgz#96e3b70d5779f6ad49cd032673d1c312767ba581"

fast-deep-equal@^2.0.1:
  version "2.0.1"
  resolved "https://registry.yarnpkg.com/fast-deep-equal/-/fast-deep-equal-2.0.1.tgz#7b05218ddf9667bf7f370bf7fdb2cb15fdd0aa49"

fast-json-stable-stringify@^2.0.0:
  version "2.0.0"
  resolved "https://registry.yarnpkg.com/fast-json-stable-stringify/-/fast-json-stable-stringify-2.0.0.tgz#d5142c0caee6b1189f87d3a76111064f86c8bbf2"

fbjs@^0.8.0, fbjs@^0.8.16:
  version "0.8.17"
  resolved "https://registry.yarnpkg.com/fbjs/-/fbjs-0.8.17.tgz#c4d598ead6949112653d6588b01a5cdcd9f90fdd"
  dependencies:
    core-js "^1.0.0"
    isomorphic-fetch "^2.1.1"
    loose-envify "^1.0.0"
    object-assign "^4.1.0"
    promise "^7.1.1"
    setimmediate "^1.0.5"
    ua-parser-js "^0.7.18"

font-awesome@~4.7.0:
  version "4.7.0"
  resolved "https://registry.yarnpkg.com/font-awesome/-/font-awesome-4.7.0.tgz#8fa8cf0411a1a31afd07b06d2902bb9fc815a133"

free-style@2.5.1:
  version "2.5.1"
  resolved "https://registry.yarnpkg.com/free-style/-/free-style-2.5.1.tgz#5e3f684c470d3bba7e4dbb43524e0a08917e873c"

fs.realpath@^1.0.0:
  version "1.0.0"
  resolved "https://registry.yarnpkg.com/fs.realpath/-/fs.realpath-1.0.0.tgz#1504ad2523158caa40db4a2787cb01411994ea4f"

glob@^7.1.3:
  version "7.1.3"
  resolved "https://registry.yarnpkg.com/glob/-/glob-7.1.3.tgz#3960832d3f1574108342dafd3a67b332c0969df1"
  dependencies:
    fs.realpath "^1.0.0"
    inflight "^1.0.4"
    inherits "2"
    minimatch "^3.0.4"
    once "^1.3.0"
    path-is-absolute "^1.0.0"

gud@^1.0.0:
  version "1.0.0"
  resolved "https://registry.yarnpkg.com/gud/-/gud-1.0.0.tgz#a489581b17e6a70beca9abe3ae57de7a499852c0"

has-flag@^3.0.0:
  version "3.0.0"
  resolved "https://registry.yarnpkg.com/has-flag/-/has-flag-3.0.0.tgz#b5d454dc2199ae225699f3467e5a07f3b955bafd"

htmlparser2@^3.9.0:
  version "3.10.0"
  resolved "https://registry.yarnpkg.com/htmlparser2/-/htmlparser2-3.10.0.tgz#5f5e422dcf6119c0d983ed36260ce9ded0bee464"
  dependencies:
    domelementtype "^1.3.0"
    domhandler "^2.3.0"
    domutils "^1.5.1"
    entities "^1.1.1"
    inherits "^2.0.1"
    readable-stream "^3.0.6"

iconv-lite@~0.4.13:
  version "0.4.24"
  resolved "https://registry.yarnpkg.com/iconv-lite/-/iconv-lite-0.4.24.tgz#2022b4b25fbddc21d2f524974a474aafe733908b"
  dependencies:
    safer-buffer ">= 2.1.2 < 3"

inflight@^1.0.4:
  version "1.0.6"
  resolved "https://registry.yarnpkg.com/inflight/-/inflight-1.0.6.tgz#49bd6331d7d02d0c09bc910a1075ba8165b56df9"
  dependencies:
    once "^1.3.0"
    wrappy "1"

inherits@2, inherits@^2.0.1, inherits@^2.0.3:
  version "2.0.3"
  resolved "https://registry.yarnpkg.com/inherits/-/inherits-2.0.3.tgz#633c2c83e3da42a502f52466022480f4208261de"

is-stream@^1.0.1:
  version "1.1.0"
  resolved "https://registry.yarnpkg.com/is-stream/-/is-stream-1.1.0.tgz#12d4a3dd4e68e0b79ceb8dbc84173ae80d91ca44"

isomorphic-fetch@^2.1.1:
  version "2.2.1"
  resolved "https://registry.yarnpkg.com/isomorphic-fetch/-/isomorphic-fetch-2.2.1.tgz#611ae1acf14f5e81f729507472819fe9733558a9"
  dependencies:
    node-fetch "^1.0.1"
    whatwg-fetch ">=0.10.0"

"js-tokens@^3.0.0 || ^4.0.0":
  version "4.0.0"
  resolved "https://registry.yarnpkg.com/js-tokens/-/js-tokens-4.0.0.tgz#19203fb59991df98e3a287050d4647cdeaf32499"

json-parser@^1.0.0:
  version "1.1.5"
  resolved "https://registry.yarnpkg.com/json-parser/-/json-parser-1.1.5.tgz#e62ec5261d1a6a5fc20e812a320740c6d9005677"
  dependencies:
    esprima "^2.7.0"

json-schema-traverse@^0.4.1:
  version "0.4.1"
  resolved "https://registry.yarnpkg.com/json-schema-traverse/-/json-schema-traverse-0.4.1.tgz#69f6a87d9513ab8bb8fe63bdb0979c448e684660"

lodash.clonedeep@^4.5.0:
  version "4.5.0"
  resolved "https://registry.yarnpkg.com/lodash.clonedeep/-/lodash.clonedeep-4.5.0.tgz#e23f3f9c4f8fbdde872529c1071857a086e5ccef"

lodash.escape@^4.0.1:
  version "4.0.1"
  resolved "https://registry.yarnpkg.com/lodash.escape/-/lodash.escape-4.0.1.tgz#c9044690c21e04294beaa517712fded1fa88de98"

lodash.escaperegexp@^4.1.2:
  version "4.1.2"
  resolved "https://registry.yarnpkg.com/lodash.escaperegexp/-/lodash.escaperegexp-4.1.2.tgz#64762c48618082518ac3df4ccf5d5886dae20347"

lodash.isplainobject@^4.0.6:
  version "4.0.6"
  resolved "https://registry.yarnpkg.com/lodash.isplainobject/-/lodash.isplainobject-4.0.6.tgz#7c526a52d89b45c45cc690b88163be0497f550cb"

lodash.isstring@^4.0.1:
  version "4.0.1"
  resolved "https://registry.yarnpkg.com/lodash.isstring/-/lodash.isstring-4.0.1.tgz#d527dfb5456eca7cc9bb95d5daeaf88ba54a5451"

lodash.mergewith@^4.6.0:
  version "4.6.1"
  resolved "https://registry.yarnpkg.com/lodash.mergewith/-/lodash.mergewith-4.6.1.tgz#639057e726c3afbdb3e7d42741caa8d6e4335927"

loose-envify@^1.0.0, loose-envify@^1.1.0, loose-envify@^1.3.1, loose-envify@^1.4.0:
  version "1.4.0"
  resolved "https://registry.yarnpkg.com/loose-envify/-/loose-envify-1.4.0.tgz#71ee51fa7be4caec1a63839f7e682d8132d30caf"
  dependencies:
    js-tokens "^3.0.0 || ^4.0.0"

marked@0.5.1:
  version "0.5.1"
  resolved "https://registry.yarnpkg.com/marked/-/marked-0.5.1.tgz#062f43b88b02ee80901e8e8d8e6a620ddb3aa752"

minimatch@^3.0.4:
  version "3.0.4"
  resolved "https://registry.yarnpkg.com/minimatch/-/minimatch-3.0.4.tgz#5166e286457f03306064be5497e8dbb0c3d32083"
  dependencies:
    brace-expansion "^1.1.7"

minimist@~1.2.0:
  version "1.2.0"
  resolved "http://registry.npmjs.org/minimist/-/minimist-1.2.0.tgz#a35008b20f41383eec1fb914f4cd5df79a264284"

moment@~2.21.0:
  version "2.21.0"
  resolved "http://registry.npmjs.org/moment/-/moment-2.21.0.tgz#2a114b51d2a6ec9e6d83cf803f838a878d8a023a"

node-fetch@^1.0.1:
  version "1.7.3"
  resolved "https://registry.yarnpkg.com/node-fetch/-/node-fetch-1.7.3.tgz#980f6f72d85211a5347c6b2bc18c5b84c3eb47ef"
  dependencies:
    encoding "^0.1.11"
    is-stream "^1.0.1"

node-fetch@~2.2.0:
  version "2.2.1"
  resolved "https://registry.yarnpkg.com/node-fetch/-/node-fetch-2.2.1.tgz#1fe551e0ded6c45b3b3b937d0fb46f76df718d1e"

normalize.css@^8.0.0:
  version "8.0.1"
  resolved "https://registry.yarnpkg.com/normalize.css/-/normalize.css-8.0.1.tgz#9b98a208738b9cc2634caacbc42d131c97487bf3"

number-is-nan@^1.0.0:
  version "1.0.1"
  resolved "https://registry.yarnpkg.com/number-is-nan/-/number-is-nan-1.0.1.tgz#097b602b53422a522c1afb8790318336941a011d"

object-assign@^4.1.0, object-assign@^4.1.1:
  version "4.1.1"
  resolved "https://registry.yarnpkg.com/object-assign/-/object-assign-4.1.1.tgz#2109adc7965887cfc05cbbd442cac8bfbb360863"

once@^1.3.0:
  version "1.4.0"
  resolved "https://registry.yarnpkg.com/once/-/once-1.4.0.tgz#583b1aa775961d4b113ac17d9c50baef9dd76bd1"
  dependencies:
    wrappy "1"

path-is-absolute@^1.0.0:
  version "1.0.1"
  resolved "https://registry.yarnpkg.com/path-is-absolute/-/path-is-absolute-1.0.1.tgz#174b9268735534ffbc7ace6bf53a5a9e1b5c5f5f"

path-posix@~1.0.0:
  version "1.0.0"
  resolved "https://registry.yarnpkg.com/path-posix/-/path-posix-1.0.0.tgz#06b26113f56beab042545a23bfa88003ccac260f"

popper.js@^1.14.1, popper.js@^1.14.4:
  version "1.15.0"
  resolved "https://registry.yarnpkg.com/popper.js/-/popper.js-1.15.0.tgz#5560b99bbad7647e9faa475c6b8056621f5a4ff2"

postcss@^6.0.14:
  version "6.0.23"
  resolved "https://registry.yarnpkg.com/postcss/-/postcss-6.0.23.tgz#61c82cc328ac60e677645f979054eb98bc0e3324"
  dependencies:
    chalk "^2.4.1"
    source-map "^0.6.1"
    supports-color "^5.4.0"

promise@^7.1.1:
  version "7.3.1"
  resolved "https://registry.yarnpkg.com/promise/-/promise-7.3.1.tgz#064b72602b18f90f29192b8b1bc418ffd1ebd3bf"
  dependencies:
    asap "~2.0.3"

prop-types@^15.6.0, prop-types@^15.6.2:
  version "15.6.2"
  resolved "https://registry.yarnpkg.com/prop-types/-/prop-types-15.6.2.tgz#05d5ca77b4453e985d60fc7ff8c859094a497102"
  dependencies:
    loose-envify "^1.3.1"
    object-assign "^4.1.1"

prop-types@^15.6.1:
  version "15.7.2"
  resolved "https://registry.yarnpkg.com/prop-types/-/prop-types-15.7.2.tgz#52c41e75b8c87e72b9d9360e0206b99dcbffa6c5"
  dependencies:
    loose-envify "^1.4.0"
    object-assign "^4.1.1"
    react-is "^16.8.1"

punycode@^2.1.0:
  version "2.1.1"
  resolved "https://registry.yarnpkg.com/punycode/-/punycode-2.1.1.tgz#b58b010ac40c22c5657616c8d2c2c02c7bf479ec"

querystringify@^2.0.0:
  version "2.1.0"
  resolved "https://registry.yarnpkg.com/querystringify/-/querystringify-2.1.0.tgz#7ded8dfbf7879dcc60d0a644ac6754b283ad17ef"

react-dom@~16.4.2:
  version "16.4.2"
  resolved "https://registry.yarnpkg.com/react-dom/-/react-dom-16.4.2.tgz#4afed569689f2c561d2b8da0b819669c38a0bda4"
  dependencies:
    fbjs "^0.8.16"
    loose-envify "^1.1.0"
    object-assign "^4.1.1"
    prop-types "^15.6.0"

react-dom@~16.7.0:
  version "16.7.0"
  resolved "https://registry.yarnpkg.com/react-dom/-/react-dom-16.7.0.tgz#a17b2a7ca89ee7390bc1ed5eb81783c7461748b8"
  dependencies:
    loose-envify "^1.1.0"
    object-assign "^4.1.1"
    prop-types "^15.6.2"
    scheduler "^0.12.0"

react-is@^16.8.1:
  version "16.8.6"
  resolved "https://registry.yarnpkg.com/react-is/-/react-is-16.8.6.tgz#5bbc1e2d29141c9fbdfed456343fe2bc430a6a16"

react-lifecycles-compat@^3.0.4:
  version "3.0.4"
  resolved "https://registry.yarnpkg.com/react-lifecycles-compat/-/react-lifecycles-compat-3.0.4.tgz#4f1a273afdfc8f3488a8c516bfda78f872352362"

react-popper@^1.0.0:
  version "1.3.3"
  resolved "https://registry.yarnpkg.com/react-popper/-/react-popper-1.3.3.tgz#2c6cef7515a991256b4f0536cd4bdcb58a7b6af6"
  dependencies:
    "@babel/runtime" "^7.1.2"
    create-react-context "<=0.2.2"
    popper.js "^1.14.4"
    prop-types "^15.6.1"
    typed-styles "^0.0.7"
    warning "^4.0.2"

react-transition-group@^2.2.1:
  version "2.8.0"
  resolved "https://registry.yarnpkg.com/react-transition-group/-/react-transition-group-2.8.0.tgz#d6d8f635d81a0955b67348be5d017cff77d6c75f"
  dependencies:
    dom-helpers "^3.3.1"
    loose-envify "^1.4.0"
    prop-types "^15.6.2"
    react-lifecycles-compat "^3.0.4"

react@~16.4.2:
  version "16.4.2"
  resolved "https://registry.yarnpkg.com/react/-/react-16.4.2.tgz#2cd90154e3a9d9dd8da2991149fdca3c260e129f"
  dependencies:
    fbjs "^0.8.16"
    loose-envify "^1.1.0"
    object-assign "^4.1.1"
    prop-types "^15.6.0"

readable-stream@^3.0.6:
  version "3.0.6"
  resolved "https://registry.yarnpkg.com/readable-stream/-/readable-stream-3.0.6.tgz#351302e4c68b5abd6a2ed55376a7f9a25be3057a"
  dependencies:
    inherits "^2.0.3"
    string_decoder "^1.1.1"
    util-deprecate "^1.0.1"

regenerator-runtime@^0.13.2:
  version "0.13.2"
  resolved "https://registry.yarnpkg.com/regenerator-runtime/-/regenerator-runtime-0.13.2.tgz#32e59c9a6fb9b1a4aff09b4930ca2d4477343447"

requires-port@^1.0.0:
  version "1.0.0"
  resolved "https://registry.yarnpkg.com/requires-port/-/requires-port-1.0.0.tgz#925d2601d39ac485e091cf0da5c6e694dc3dcaff"

resize-observer-polyfill@^1.5.0:
  version "1.5.1"
  resolved "https://registry.yarnpkg.com/resize-observer-polyfill/-/resize-observer-polyfill-1.5.1.tgz#0e9020dd3d21024458d4ebd27e23e40269810464"

rimraf@^2.6.3:
  version "2.6.3"
  resolved "https://registry.yarnpkg.com/rimraf/-/rimraf-2.6.3.tgz#b2d104fe0d8fb27cf9e0a1cda8262dd3833c6cab"
  dependencies:
    glob "^7.1.3"

safe-buffer@~5.1.0:
  version "5.1.2"
  resolved "https://registry.yarnpkg.com/safe-buffer/-/safe-buffer-5.1.2.tgz#991ec69d296e0313747d59bdfd2b745c35f8828d"

"safer-buffer@>= 2.1.2 < 3":
  version "2.1.2"
  resolved "https://registry.yarnpkg.com/safer-buffer/-/safer-buffer-2.1.2.tgz#44fa161b0187b9549dd84bb91802f9bd8385cd6a"

sanitize-html@~1.18.2:
  version "1.18.5"
  resolved "https://registry.yarnpkg.com/sanitize-html/-/sanitize-html-1.18.5.tgz#350013d95d17f851ef8b178dfd9ca155acf2d7a0"
  dependencies:
    chalk "^2.3.0"
    htmlparser2 "^3.9.0"
    lodash.clonedeep "^4.5.0"
    lodash.escaperegexp "^4.1.2"
    lodash.isplainobject "^4.0.6"
    lodash.isstring "^4.0.1"
    lodash.mergewith "^4.6.0"
    postcss "^6.0.14"
    srcset "^1.0.0"
    xtend "^4.0.0"

scheduler@^0.12.0:
  version "0.12.0"
  resolved "https://registry.yarnpkg.com/scheduler/-/scheduler-0.12.0.tgz#8ab17699939c0aedc5a196a657743c496538647b"
  dependencies:
    loose-envify "^1.1.0"
    object-assign "^4.1.1"

setimmediate@^1.0.5:
  version "1.0.5"
  resolved "https://registry.yarnpkg.com/setimmediate/-/setimmediate-1.0.5.tgz#290cbb232e306942d7d7ea9b83732ab7856f8285"

source-map@^0.6.1:
  version "0.6.1"
  resolved "https://registry.yarnpkg.com/source-map/-/source-map-0.6.1.tgz#74722af32e9614e9c287a8d0bbde48b5e2f1a263"

srcset@^1.0.0:
  version "1.0.0"
  resolved "https://registry.yarnpkg.com/srcset/-/srcset-1.0.0.tgz#a5669de12b42f3b1d5e83ed03c71046fc48f41ef"
  dependencies:
    array-uniq "^1.0.2"
    number-is-nan "^1.0.0"

string_decoder@^1.1.1:
  version "1.1.1"
  resolved "https://registry.yarnpkg.com/string_decoder/-/string_decoder-1.1.1.tgz#9cf1611ba62685d7030ae9e4ba34149c3af03fc8"
  dependencies:
    safe-buffer "~5.1.0"

supports-color@^5.3.0, supports-color@^5.4.0:
  version "5.5.0"
  resolved "https://registry.yarnpkg.com/supports-color/-/supports-color-5.5.0.tgz#e2e69a44ac8772f78a1ec0b35b689df6530efc8f"
  dependencies:
    has-flag "^3.0.0"

tslib@^1.9.0:
  version "1.9.3"
  resolved "https://registry.yarnpkg.com/tslib/-/tslib-1.9.3.tgz#d7e4dd79245d85428c4d7e4822a79917954ca286"

typed-styles@^0.0.7:
  version "0.0.7"
  resolved "https://registry.yarnpkg.com/typed-styles/-/typed-styles-0.0.7.tgz#93392a008794c4595119ff62dde6809dbc40a3d9"

typescript@~3.1.6:
  version "3.1.6"
  resolved "https://registry.yarnpkg.com/typescript/-/typescript-3.1.6.tgz#b6543a83cfc8c2befb3f4c8fba6896f5b0c9be68"

typestyle@^2.0.1:
  version "2.0.1"
  resolved "https://registry.yarnpkg.com/typestyle/-/typestyle-2.0.1.tgz#9593e6029ce5f23f1a5728ddd3ed6bf1ffa781f8"
  dependencies:
    csstype "^2.4.0"
    free-style "2.5.1"

ua-parser-js@^0.7.18:
  version "0.7.19"
  resolved "https://registry.yarnpkg.com/ua-parser-js/-/ua-parser-js-0.7.19.tgz#94151be4c0a7fb1d001af7022fdaca4642659e4b"

uri-js@^4.2.2:
  version "4.2.2"
  resolved "https://registry.yarnpkg.com/uri-js/-/uri-js-4.2.2.tgz#94c540e1ff772956e2299507c010aea6c8838eb0"
  dependencies:
    punycode "^2.1.0"

url-parse@~1.4.3:
  version "1.4.3"
  resolved "https://registry.yarnpkg.com/url-parse/-/url-parse-1.4.3.tgz#bfaee455c889023219d757e045fa6a684ec36c15"
  dependencies:
    querystringify "^2.0.0"
    requires-port "^1.0.0"

util-deprecate@^1.0.1:
  version "1.0.2"
  resolved "https://registry.yarnpkg.com/util-deprecate/-/util-deprecate-1.0.2.tgz#450d4dc9fa70de732762fbd2d4a28981419a0ccf"

warning@^4.0.2:
  version "4.0.3"
  resolved "https://registry.yarnpkg.com/warning/-/warning-4.0.3.tgz#16e9e077eb8a86d6af7d64aa1e05fd85b4678ca3"
  dependencies:
    loose-envify "^1.0.0"

whatwg-fetch@>=0.10.0:
  version "3.0.0"
  resolved "https://registry.yarnpkg.com/whatwg-fetch/-/whatwg-fetch-3.0.0.tgz#fc804e458cc460009b1a2b966bc8817d2578aefb"

wrappy@1:
  version "1.0.2"
  resolved "https://registry.yarnpkg.com/wrappy/-/wrappy-1.0.2.tgz#b5243d8f3ec1aa35f1364605bc0d1036e30ab69f"

ws@~6.0.0:
  version "6.0.0"
  resolved "https://registry.yarnpkg.com/ws/-/ws-6.0.0.tgz#eaa494aded00ac4289d455bac8d84c7c651cef35"
  dependencies:
    async-limiter "~1.0.0"

xtend@^4.0.0:
  version "4.0.1"
  resolved "https://registry.yarnpkg.com/xtend/-/xtend-4.0.1.tgz#a5c6d532be656e23db820efb943a1f04998d63af"
