# THIS IS AN AUTOGENERATED FILE. DO NOT EDIT THIS FILE DIRECTLY.
# yarn lockfile v1


"@babel/runtime@^7.1.2":
  version "7.4.5"
  resolved "https://registry.yarnpkg.com/@babel/runtime/-/runtime-7.4.5.tgz#582bb531f5f9dc67d2fcb682979894f75e253f12"
  integrity sha512-TuI4qpWZP6lGOGIuGWtp9sPluqYICmbk8T/1vpSysqJxRPkudh/ofFWyqdcMsDf2s7KvDL4/YHgKyvcS3g9CJQ==
  dependencies:
    regenerator-runtime "^0.13.2"

"@blueprintjs/core@^3.15.0", "@blueprintjs/core@^3.9.0":
  version "3.15.1"
  resolved "https://registry.yarnpkg.com/@blueprintjs/core/-/core-3.15.1.tgz#9792e9fb7e2e066dd5339fadeaf2f85b1485832a"
  integrity sha512-M8ltbqqlMZuZ6SEuqo/3Fr59ZcUfd8Er7ocbm7EACVfRW7dRhOCd/TKkf2kfICNtCDwznwXk0iAePLXZhUGtQg==
  dependencies:
    "@blueprintjs/icons" "^3.8.0"
    "@types/dom4" "^2.0.1"
    classnames "^2.2"
    dom4 "^2.0.1"
    normalize.css "^8.0.0"
    popper.js "^1.14.1"
    react-popper "^1.0.0"
    react-transition-group "^2.2.1"
    resize-observer-polyfill "^1.5.0"
    tslib "^1.9.0"

"@blueprintjs/icons@^3.3.0", "@blueprintjs/icons@^3.8.0":
  version "3.9.0"
  resolved "https://registry.yarnpkg.com/@blueprintjs/icons/-/icons-3.9.0.tgz#173f70b0d6a573d2a97066c54b4d110ffadeee51"
  integrity sha512-kq1Bh6PtOF4PcuxcDme8NmnSlkfO0IV89FriZGo6zSA1+OOzSwzvoKqa6S7vJe8xCPPLO5r7lE9AjeOuGeH97g==
  dependencies:
    classnames "^2.2"
    tslib "^1.9.0"

"@blueprintjs/select@^3.3.0":
  version "3.8.1"
  resolved "https://registry.yarnpkg.com/@blueprintjs/select/-/select-3.8.1.tgz#e3a27746731b9cbaa9179620fdf3f3883a176ab9"
  integrity sha512-CUWqdikGY04yzEWBFGpHRUfKc2kKP/w9ExXv7hrknuRZDJU8mQwzbPpxMqf/97/2m93vb1nYbjWN+QkSmDgOzQ==
  dependencies:
    "@blueprintjs/core" "^3.15.0"
    classnames "^2.2"
    tslib "^1.9.0"

"@jupyterlab/application@^1.0.0-alpha.9":
  version "1.0.0-alpha.9"
  resolved "https://registry.yarnpkg.com/@jupyterlab/application/-/application-1.0.0-alpha.9.tgz#f43cd936e6f56a8ce75ac9fb123150a68cf5a8eb"
  integrity sha512-oZgGbShpbaz00GadfKwEG6hMnSyWHXD4DyuQuGIc9UYoHdQ5igbQY7yZoxgd13G9xXxHCHk4xIRiVIWpMCtYrg==
  dependencies:
    "@jupyterlab/apputils" "^1.0.0-alpha.9"
    "@jupyterlab/coreutils" "^3.0.0-alpha.9"
    "@jupyterlab/docregistry" "^1.0.0-alpha.9"
    "@jupyterlab/rendermime" "^1.0.0-alpha.9"
    "@jupyterlab/rendermime-interfaces" "^1.3.0-alpha.9"
    "@jupyterlab/services" "^4.0.0-alpha.9"
    "@phosphor/algorithm" "^1.1.2"
    "@phosphor/application" "^1.6.0"
    "@phosphor/commands" "^1.6.1"
    "@phosphor/coreutils" "^1.3.0"
    "@phosphor/disposable" "^1.1.2"
    "@phosphor/messaging" "^1.2.2"
    "@phosphor/properties" "^1.1.2"
    "@phosphor/signaling" "^1.2.2"
    "@phosphor/widgets" "^1.7.0"
    font-awesome "~4.7.0"

"@jupyterlab/apputils@^1.0.0-alpha.9":
  version "1.0.0-alpha.9"
  resolved "https://registry.yarnpkg.com/@jupyterlab/apputils/-/apputils-1.0.0-alpha.9.tgz#4f7d780d5aa68678a57a6c38d8e930f2c3fe2323"
  integrity sha512-Y0bSSA+VhOOgouULJ50kislTuNllEN2NWmtHL4RzYscg8wHOyTm1bUvzOgDlcpLLRnMbSpGf5dMBaRo9Gou6og==
  dependencies:
    "@jupyterlab/coreutils" "^3.0.0-alpha.9"
    "@jupyterlab/services" "^4.0.0-alpha.9"
    "@jupyterlab/ui-components" "^1.0.0-alpha.9"
    "@phosphor/algorithm" "^1.1.2"
    "@phosphor/commands" "^1.6.1"
    "@phosphor/coreutils" "^1.3.0"
    "@phosphor/disposable" "^1.1.2"
    "@phosphor/domutils" "^1.1.2"
    "@phosphor/messaging" "^1.2.2"
    "@phosphor/properties" "^1.1.2"
    "@phosphor/signaling" "^1.2.2"
    "@phosphor/virtualdom" "^1.1.2"
    "@phosphor/widgets" "^1.7.0"
    "@types/react" "~16.8.18"
    react "~16.8.4"
    react-dom "~16.8.4"
    sanitize-html "~1.20.1"

"@jupyterlab/attachments@^1.0.0-alpha.9":
  version "1.0.0-alpha.9"
  resolved "https://registry.yarnpkg.com/@jupyterlab/attachments/-/attachments-1.0.0-alpha.9.tgz#fd762e0989f6b7dd6e6d475112e410570a73e097"
  integrity sha512-5hRz3mniS0Ht38lEZ9hsYcI2pPzMhETZmsy63EhR293yv0K0aTyTV/2Ht6qc6gEDSVc1k32d+tHU5xuDDBrYCw==
  dependencies:
    "@jupyterlab/coreutils" "^3.0.0-alpha.9"
    "@jupyterlab/observables" "^2.2.0-alpha.9"
    "@jupyterlab/rendermime" "^1.0.0-alpha.9"
    "@jupyterlab/rendermime-interfaces" "^1.3.0-alpha.9"
    "@phosphor/disposable" "^1.1.2"
    "@phosphor/signaling" "^1.2.2"

"@jupyterlab/cells@^1.0.0-alpha.10":
  version "1.0.0-alpha.10"
  resolved "https://registry.yarnpkg.com/@jupyterlab/cells/-/cells-1.0.0-alpha.10.tgz#c3792f616a7106dbad724c43c3722279c3c1a04e"
  integrity sha512-P54KxatpuyycdifH+WodTaXhAGsvD8Z5utPJDYHt9AH5+TDJlwZwDPG6Ed1WKb0ui5oypJO25j9Dgybnns6iIQ==
  dependencies:
    "@jupyterlab/apputils" "^1.0.0-alpha.9"
    "@jupyterlab/attachments" "^1.0.0-alpha.9"
    "@jupyterlab/codeeditor" "^1.0.0-alpha.9"
    "@jupyterlab/codemirror" "^1.0.0-alpha.9"
    "@jupyterlab/coreutils" "^3.0.0-alpha.9"
    "@jupyterlab/observables" "^2.2.0-alpha.9"
    "@jupyterlab/outputarea" "^1.0.0-alpha.9"
    "@jupyterlab/rendermime" "^1.0.0-alpha.9"
    "@jupyterlab/services" "^4.0.0-alpha.9"
    "@phosphor/algorithm" "^1.1.2"
    "@phosphor/coreutils" "^1.3.0"
    "@phosphor/messaging" "^1.2.2"
    "@phosphor/signaling" "^1.2.2"
    "@phosphor/virtualdom" "^1.1.2"
    "@phosphor/widgets" "^1.7.0"
    react "~16.8.4"

"@jupyterlab/codeeditor@^1.0.0-alpha.9":
  version "1.0.0-alpha.9"
  resolved "https://registry.yarnpkg.com/@jupyterlab/codeeditor/-/codeeditor-1.0.0-alpha.9.tgz#09c5927751451236732a2cb4638a87a2f2df063a"
  integrity sha512-K07NzqmVizzX1BgO2+fmDtEOdOfg6bNQLoHDw5fO1YqqJFkcIOrqIiRg74YVXu+ML7Peg9CBXlHi+CYggsRasg==
  dependencies:
    "@jupyterlab/coreutils" "^3.0.0-alpha.9"
    "@jupyterlab/observables" "^2.2.0-alpha.9"
    "@phosphor/coreutils" "^1.3.0"
    "@phosphor/disposable" "^1.1.2"
    "@phosphor/dragdrop" "^1.3.0"
    "@phosphor/messaging" "^1.2.2"
    "@phosphor/signaling" "^1.2.2"
    "@phosphor/widgets" "^1.7.0"

"@jupyterlab/codemirror@^1.0.0-alpha.9":
  version "1.0.0-alpha.9"
  resolved "https://registry.yarnpkg.com/@jupyterlab/codemirror/-/codemirror-1.0.0-alpha.9.tgz#75a559087343d40ad0e97e08cecfa807b5535543"
  integrity sha512-uMN3UpHHsKDjyQV+QQvNRK3vELngOTNyoZ4Eo9NnPfVl4/poBDzD3nn4w1Ah3S5d9ntu6AU8alEuEW3vrxfozA==
  dependencies:
    "@jupyterlab/apputils" "^1.0.0-alpha.9"
    "@jupyterlab/codeeditor" "^1.0.0-alpha.9"
    "@jupyterlab/coreutils" "^3.0.0-alpha.9"
    "@jupyterlab/observables" "^2.2.0-alpha.9"
    "@jupyterlab/statusbar" "^1.0.0-alpha.9"
    "@phosphor/algorithm" "^1.1.2"
    "@phosphor/commands" "^1.6.1"
    "@phosphor/coreutils" "^1.3.0"
    "@phosphor/disposable" "^1.1.2"
    "@phosphor/signaling" "^1.2.2"
    "@phosphor/widgets" "^1.7.0"
    codemirror "~5.47.0"
    react "~16.8.4"

"@jupyterlab/coreutils@^3.0.0-alpha.9":
  version "3.0.0-alpha.9"
  resolved "https://registry.yarnpkg.com/@jupyterlab/coreutils/-/coreutils-3.0.0-alpha.9.tgz#9aa4453a786271c8270c6d800b933d0304714ba8"
  integrity sha512-RwQP342WP/C+k8Ym6ith/i/zmhFQOr1aw6+gjnak06yY9HnYUJ5/XLza8ezirNzNh+EecKdXEvIanhaxVxLDhg==
  dependencies:
    "@phosphor/coreutils" "^1.3.0"
    "@phosphor/disposable" "^1.1.2"
    "@phosphor/signaling" "^1.2.2"
    ajv "^6.5.5"
    json5 "^2.1.0"
    minimist "~1.2.0"
    moment "^2.24.0"
    path-posix "~1.0.0"
    url-parse "~1.4.3"

"@jupyterlab/docregistry@^1.0.0-alpha.9":
  version "1.0.0-alpha.9"
  resolved "https://registry.yarnpkg.com/@jupyterlab/docregistry/-/docregistry-1.0.0-alpha.9.tgz#1cca557444c208a8eae42c8ff17640a4f144bb0f"
  integrity sha512-izTpgAyK+MS6HMYhaEzKrHF7Rt3wp5DPHSTbiNLIP6IQt+N2OjV4p9TIWkW5QlY3ccJsSp0RoipfH/4KTjQOnw==
  dependencies:
    "@jupyterlab/apputils" "^1.0.0-alpha.9"
    "@jupyterlab/codeeditor" "^1.0.0-alpha.9"
    "@jupyterlab/codemirror" "^1.0.0-alpha.9"
    "@jupyterlab/coreutils" "^3.0.0-alpha.9"
    "@jupyterlab/observables" "^2.2.0-alpha.9"
    "@jupyterlab/rendermime" "^1.0.0-alpha.9"
    "@jupyterlab/rendermime-interfaces" "^1.3.0-alpha.9"
    "@jupyterlab/services" "^4.0.0-alpha.9"
    "@phosphor/algorithm" "^1.1.2"
    "@phosphor/coreutils" "^1.3.0"
    "@phosphor/disposable" "^1.1.2"
    "@phosphor/messaging" "^1.2.2"
    "@phosphor/signaling" "^1.2.2"
    "@phosphor/widgets" "^1.7.0"

"@jupyterlab/notebook@^1.0.0-alpha.10":
  version "1.0.0-alpha.10"
  resolved "https://registry.yarnpkg.com/@jupyterlab/notebook/-/notebook-1.0.0-alpha.10.tgz#db4c6e95964bc8d8f19eeff485a19599fff2ba9c"
  integrity sha512-NgIsPV6Q/P1V4OoYSk8uz1RLWBzX4JOMvLJvyPlpFx95sW3hHWQYT5+8HG2wcf/SzHVmB6wxRUK2PRCZzGt3AQ==
  dependencies:
    "@jupyterlab/apputils" "^1.0.0-alpha.9"
    "@jupyterlab/cells" "^1.0.0-alpha.10"
    "@jupyterlab/codeeditor" "^1.0.0-alpha.9"
    "@jupyterlab/coreutils" "^3.0.0-alpha.9"
    "@jupyterlab/docregistry" "^1.0.0-alpha.9"
    "@jupyterlab/observables" "^2.2.0-alpha.9"
    "@jupyterlab/rendermime" "^1.0.0-alpha.9"
    "@jupyterlab/services" "^4.0.0-alpha.9"
    "@jupyterlab/statusbar" "^1.0.0-alpha.9"
    "@jupyterlab/ui-components" "^1.0.0-alpha.9"
    "@phosphor/algorithm" "^1.1.2"
    "@phosphor/coreutils" "^1.3.0"
    "@phosphor/domutils" "^1.1.2"
    "@phosphor/dragdrop" "^1.3.0"
    "@phosphor/messaging" "^1.2.2"
    "@phosphor/properties" "^1.1.2"
    "@phosphor/signaling" "^1.2.2"
    "@phosphor/virtualdom" "^1.1.2"
    "@phosphor/widgets" "^1.7.0"
    react "~16.8.4"

"@jupyterlab/observables@^2.2.0-alpha.9":
  version "2.2.0-alpha.9"
  resolved "https://registry.yarnpkg.com/@jupyterlab/observables/-/observables-2.2.0-alpha.9.tgz#ecf1dddb8f6265ee6d319464003efa48698def08"
  integrity sha512-llxcAu+8xAE4iHCrM6R5xyj14QqZCqa6rrxly6yzDsCv9wQjEMKjsQJPR7N0nseAmJOu9XP0Dt/NXPzBdvSuag==
  dependencies:
    "@phosphor/algorithm" "^1.1.2"
    "@phosphor/coreutils" "^1.3.0"
    "@phosphor/disposable" "^1.1.2"
    "@phosphor/messaging" "^1.2.2"
    "@phosphor/signaling" "^1.2.2"

"@jupyterlab/outputarea@^1.0.0-alpha.9":
  version "1.0.0-alpha.9"
  resolved "https://registry.yarnpkg.com/@jupyterlab/outputarea/-/outputarea-1.0.0-alpha.9.tgz#bed5f180a923179e14cd781096cec5bfd99b7381"
  integrity sha512-JuqsbCqRhuVez8OTK8A80EVO73YZMReWSomDdI5BuBNF7CSTA6fn8c30USX4Pgf9xcvTpmVcYkYjfadGqPNaIw==
  dependencies:
    "@jupyterlab/apputils" "^1.0.0-alpha.9"
    "@jupyterlab/coreutils" "^3.0.0-alpha.9"
    "@jupyterlab/observables" "^2.2.0-alpha.9"
    "@jupyterlab/rendermime" "^1.0.0-alpha.9"
    "@jupyterlab/rendermime-interfaces" "^1.3.0-alpha.9"
    "@jupyterlab/services" "^4.0.0-alpha.9"
    "@phosphor/algorithm" "^1.1.2"
    "@phosphor/coreutils" "^1.3.0"
    "@phosphor/disposable" "^1.1.2"
    "@phosphor/messaging" "^1.2.2"
    "@phosphor/signaling" "^1.2.2"
    "@phosphor/widgets" "^1.7.0"

"@jupyterlab/rendermime-interfaces@^1.3.0-alpha.9":
  version "1.3.0-alpha.9"
  resolved "https://registry.yarnpkg.com/@jupyterlab/rendermime-interfaces/-/rendermime-interfaces-1.3.0-alpha.9.tgz#836a8b21324c351965cb1c5cf25fbcd1480b26e3"
  integrity sha512-F2HIbtGCeNQhtBmlB75UFzCnBSU4cJ13r6cO93MnB07gWT2CPeasbnz98ntp3WBk5mfDwtKNhvl9K5c6jmP9wQ==
  dependencies:
    "@phosphor/coreutils" "^1.3.0"
    "@phosphor/widgets" "^1.7.0"

"@jupyterlab/rendermime@^1.0.0-alpha.9":
  version "1.0.0-alpha.9"
  resolved "https://registry.yarnpkg.com/@jupyterlab/rendermime/-/rendermime-1.0.0-alpha.9.tgz#d033973530dfd17c1c7cd63003e4f126ec3d385f"
  integrity sha512-3SKv0VRtQx941OnRlzlPK1wwShJY7gC2++HFIYJkdFNwfG3Cdk6ofSCBu4puqrqXoPLEOko/x3LZYct2vJf/0A==
  dependencies:
    "@jupyterlab/apputils" "^1.0.0-alpha.9"
    "@jupyterlab/codemirror" "^1.0.0-alpha.9"
    "@jupyterlab/coreutils" "^3.0.0-alpha.9"
    "@jupyterlab/observables" "^2.2.0-alpha.9"
    "@jupyterlab/rendermime-interfaces" "^1.3.0-alpha.9"
    "@jupyterlab/services" "^4.0.0-alpha.9"
    "@phosphor/algorithm" "^1.1.2"
    "@phosphor/coreutils" "^1.3.0"
    "@phosphor/messaging" "^1.2.2"
    "@phosphor/signaling" "^1.2.2"
    "@phosphor/widgets" "^1.7.0"
    lodash.escape "^4.0.1"
    marked "0.6.2"

"@jupyterlab/services@^4.0.0-alpha.9":
  version "4.0.0-alpha.9"
  resolved "https://registry.yarnpkg.com/@jupyterlab/services/-/services-4.0.0-alpha.9.tgz#e324543766947db8930c2ee67dfb71637c1ea0f3"
  integrity sha512-iH0PYYhsiIXJ+IcWjDIzWUZMtytq+Ut547hfNymdAAWIqQ9yfRVpfDiWS+HY54zItTiDjRrEt1hM9zyPAKJK+g==
  dependencies:
    "@jupyterlab/coreutils" "^3.0.0-alpha.9"
    "@jupyterlab/observables" "^2.2.0-alpha.9"
    "@phosphor/algorithm" "^1.1.2"
    "@phosphor/coreutils" "^1.3.0"
    "@phosphor/disposable" "^1.1.2"
    "@phosphor/signaling" "^1.2.2"
    node-fetch "^2.6.0"
    ws "^7.0.0"

"@jupyterlab/statusbar@^1.0.0-alpha.9":
  version "1.0.0-alpha.9"
  resolved "https://registry.yarnpkg.com/@jupyterlab/statusbar/-/statusbar-1.0.0-alpha.9.tgz#6d8e720782da76399821834f3e432fe24c54d61b"
  integrity sha512-LVx3F8Td0QlvOm2u84r7Xdax2HBkLAYpa6HNgOa9raKqLaeFb4z/nhJObnYJaoy0+fX67sfMagKDUoT2fTC1Ig==
  dependencies:
    "@jupyterlab/apputils" "^1.0.0-alpha.9"
    "@jupyterlab/codeeditor" "^1.0.0-alpha.9"
    "@jupyterlab/coreutils" "^3.0.0-alpha.9"
    "@jupyterlab/services" "^4.0.0-alpha.9"
    "@phosphor/algorithm" "^1.1.2"
    "@phosphor/coreutils" "^1.3.0"
    "@phosphor/disposable" "^1.1.2"
    "@phosphor/messaging" "^1.2.2"
    "@phosphor/signaling" "^1.2.2"
    "@phosphor/widgets" "^1.7.0"
    react "~16.8.4"
    typestyle "^2.0.1"

"@jupyterlab/ui-components@^1.0.0-alpha.9":
  version "1.0.0-alpha.9"
  resolved "https://registry.yarnpkg.com/@jupyterlab/ui-components/-/ui-components-1.0.0-alpha.9.tgz#f3fd8bb9eed86e467f4bab76334e753b55c80766"
  integrity sha512-k/sO/N3lWrKL11O5Ey7mNF+6rh8AGRR+Cn9LOhR7rvmoy99bPimAYoIwbJ/Pq2fa5QP7IxIPQ7B7q79hmLnT0w==
  dependencies:
    "@blueprintjs/core" "^3.9.0"
    "@blueprintjs/icons" "^3.3.0"
    "@blueprintjs/select" "^3.3.0"
    react "~16.8.4"

"@phosphor/algorithm@^1.1.2", "@phosphor/algorithm@^1.1.3":
  version "1.1.3"
  resolved "https://registry.yarnpkg.com/@phosphor/algorithm/-/algorithm-1.1.3.tgz#fb0e974f4e81aadc06f948770b3060c4ec8a1e27"
  integrity sha512-+dkdYTBglR+qGnLVQdCvYojNZMGxf+xSl1Jeksha3pm7niQktSFz2aR5gEPu/nI5LM8T8slTpqE4Pjvq8P+IVA==

"@phosphor/application@^1.6.0":
  version "1.6.1"
  resolved "https://registry.yarnpkg.com/@phosphor/application/-/application-1.6.1.tgz#2eb64a9f46deb3cad9e32e055e37ef3970e6517e"
  integrity sha512-zyrY8o8Zht4vpyA7fTWHRcj+vzVuJLvAMX2UOVHMgKtaqkRRtuCEvo/cXm/JJM5DjK3x5xv8RnLaKJl6J421qA==
  dependencies:
    "@phosphor/commands" "^1.6.2"
    "@phosphor/coreutils" "^1.3.1"
    "@phosphor/widgets" "^1.7.0"

"@phosphor/collections@^1.1.3":
  version "1.1.3"
  resolved "https://registry.yarnpkg.com/@phosphor/collections/-/collections-1.1.3.tgz#c938ee4138d97377bba1f0970102071ca3ac1420"
  integrity sha512-J2U1xd2e5LtqoOJt4kynrjDNeHhVpJjuY2/zA0InS5kyOuWmvy79pt/KJ22n0LBNcU/fjkImqtQmbrC2Z4q2xQ==
  dependencies:
    "@phosphor/algorithm" "^1.1.3"

"@phosphor/commands@^1.6.1", "@phosphor/commands@^1.6.2":
  version "1.6.2"
  resolved "https://registry.yarnpkg.com/@phosphor/commands/-/commands-1.6.2.tgz#f276952d76dcb6f938e5eba746b0d9080d7489ba"
  integrity sha512-vQFO7ff0ZGfhPft2xJXj30EnYExZgs2l7rbgTBn9PfySNFY6Y1PGMdmEnpcYAT6BPqWrNXMPqZpRWqG3xqNN7w==
  dependencies:
    "@phosphor/algorithm" "^1.1.3"
    "@phosphor/coreutils" "^1.3.1"
    "@phosphor/disposable" "^1.1.3"
    "@phosphor/domutils" "^1.1.3"
    "@phosphor/keyboard" "^1.1.3"
    "@phosphor/signaling" "^1.2.3"

"@phosphor/coreutils@^1.3.0", "@phosphor/coreutils@^1.3.1":
  version "1.3.1"
  resolved "https://registry.yarnpkg.com/@phosphor/coreutils/-/coreutils-1.3.1.tgz#441e34f42340f7faa742a88b2a181947a88d7226"
  integrity sha512-9OHCn8LYRcPU/sbHm5v7viCA16Uev3gbdkwqoQqlV+EiauDHl70jmeL7XVDXdigl66Dz0LI11C99XOxp+s3zOA==

"@phosphor/disposable@^1.1.2", "@phosphor/disposable@^1.1.3":
  version "1.1.3"
  resolved "https://registry.yarnpkg.com/@phosphor/disposable/-/disposable-1.1.3.tgz#912765c02e2f04b8d56efb26ecd7270207a40f41"
  integrity sha512-yH5/HZzOyp37y+G/6X1hem3EfQCsUMtiStacG9W5F7mRsO4UuIXGxY3/XyJHAzy9UFrInOJD7alurQc/4wYhbQ==
  dependencies:
    "@phosphor/algorithm" "^1.1.3"

"@phosphor/domutils@^1.1.2", "@phosphor/domutils@^1.1.3":
  version "1.1.3"
  resolved "https://registry.yarnpkg.com/@phosphor/domutils/-/domutils-1.1.3.tgz#5aeeaefb4bbfcc7c0942e5287a29d3c7f2b1a2bc"
  integrity sha512-5CtLAhURQXXHhNXfQydDk/luG1cDVnhlu/qw7gz8/9pht0KXIAmNg/M0LKxx2oJ9+YMNCLVWxAnHAU0yrDpWSA==

"@phosphor/dragdrop@^1.3.0", "@phosphor/dragdrop@^1.3.1":
  version "1.3.1"
  resolved "https://registry.yarnpkg.com/@phosphor/dragdrop/-/dragdrop-1.3.1.tgz#a16a274f9418916a34ea7edf9ba53bd0d0890b78"
  integrity sha512-SkxyV43QiBlDU9I9Y8ou+U2Ty8BwwRbEsiet+ZTaDBp5TKDmSOfsZ/dsfUpKBDfGe4Lj95h8z9Dn8pjJsnoEuQ==
  dependencies:
    "@phosphor/coreutils" "^1.3.1"
    "@phosphor/disposable" "^1.1.3"

"@phosphor/keyboard@^1.1.3":
  version "1.1.3"
  resolved "https://registry.yarnpkg.com/@phosphor/keyboard/-/keyboard-1.1.3.tgz#e5fd13af0479034ef0b5fffcf43ef2d4a266b5b6"
  integrity sha512-dzxC/PyHiD6mXaESRy6PZTd9JeK+diwG1pyngkyUf127IXOEzubTIbu52VSdpGBklszu33ws05BAGDa4oBE4mQ==

"@phosphor/messaging@^1.2.2", "@phosphor/messaging@^1.2.3":
  version "1.2.3"
  resolved "https://registry.yarnpkg.com/@phosphor/messaging/-/messaging-1.2.3.tgz#860423261df8ac6c30344cc036b10b0e83d3c0db"
  integrity sha512-89Ps4uSRNOEQoepB/0SDoyPpNUWd6VZnmbMetmeXZJHsuJ1GLxtnq3WBdl7UCVNsw3W9NC610pWaDCy/BafRlg==
  dependencies:
    "@phosphor/algorithm" "^1.1.3"
    "@phosphor/collections" "^1.1.3"

"@phosphor/properties@^1.1.2", "@phosphor/properties@^1.1.3":
  version "1.1.3"
  resolved "https://registry.yarnpkg.com/@phosphor/properties/-/properties-1.1.3.tgz#63e4355be5e22a411c566fd1860207038f171598"
  integrity sha512-GiglqzU77s6+tFVt6zPq9uuyu/PLQPFcqZt914ZhJ4cN/7yNI/SLyMzpYZ56IRMXvzK9TUgbRna6URE3XAwFUg==

"@phosphor/signaling@^1.2.2", "@phosphor/signaling@^1.2.3":
  version "1.2.3"
  resolved "https://registry.yarnpkg.com/@phosphor/signaling/-/signaling-1.2.3.tgz#2fde0ee810b0fab5f3fc765f81ed08ae671e76f1"
  integrity sha512-DMwS0m9OgfY5ljpTsklRQPUQpTyg4obz85FyImRDacUVxUVbas95djIDEbU4s1TMzdHBBO+gfki3V4giXUvXzw==
  dependencies:
    "@phosphor/algorithm" "^1.1.3"

"@phosphor/virtualdom@^1.1.2", "@phosphor/virtualdom@^1.1.3":
  version "1.1.3"
  resolved "https://registry.yarnpkg.com/@phosphor/virtualdom/-/virtualdom-1.1.3.tgz#33ddebc710ad5bd136fd5f61d7adb4fa14e781e0"
  integrity sha512-V8PHhhnZCRa5esrC4q5VthqlLtxTo9ZV1mZ6b4YEloapca1S1nggZSQhrSlltXQjtYNUaWJZUZ/BlFD8wFtIEQ==
  dependencies:
    "@phosphor/algorithm" "^1.1.3"

"@phosphor/widgets@^1.6.0", "@phosphor/widgets@^1.7.0":
  version "1.7.0"
  resolved "https://registry.yarnpkg.com/@phosphor/widgets/-/widgets-1.7.0.tgz#1985372ac9e6b2a80b550d5652461c9145721be0"
  integrity sha512-LavrlJHnki2x5PyBbfEdY4UJSARTu4anVZ9l2YOKGVUGE3mwl1pVJqJAghYC/M+OhSXcvHzFgxwaZxBQZ1gHbQ==
  dependencies:
    "@phosphor/algorithm" "^1.1.3"
    "@phosphor/commands" "^1.6.2"
    "@phosphor/coreutils" "^1.3.1"
    "@phosphor/disposable" "^1.1.3"
    "@phosphor/domutils" "^1.1.3"
    "@phosphor/dragdrop" "^1.3.1"
    "@phosphor/keyboard" "^1.1.3"
    "@phosphor/messaging" "^1.2.3"
    "@phosphor/properties" "^1.1.3"
    "@phosphor/signaling" "^1.2.3"
    "@phosphor/virtualdom" "^1.1.3"

"@types/dom4@^2.0.1":
  version "2.0.1"
  resolved "https://registry.yarnpkg.com/@types/dom4/-/dom4-2.0.1.tgz#506d5781b9bcab81bd9a878b198aec7dee2a6033"
  integrity sha512-kSkVAvWmMZiCYtvqjqQEwOmvKwcH+V4uiv3qPQ8pAh1Xl39xggGEo8gHUqV4waYGHezdFw0rKBR8Jt0CrQSDZA==

"@types/prop-types@*":
  version "15.7.1"
  resolved "https://registry.yarnpkg.com/@types/prop-types/-/prop-types-15.7.1.tgz#f1a11e7babb0c3cad68100be381d1e064c68f1f6"
  integrity sha512-CFzn9idOEpHrgdw8JsoTkaDDyRWk1jrzIV8djzcgpq0y9tG4B4lFT+Nxh52DVpDXV+n4+NPNv7M1Dj5uMp6XFg==

"@types/react@~16.8.18":
  version "16.8.19"
  resolved "https://registry.yarnpkg.com/@types/react/-/react-16.8.19.tgz#629154ef05e2e1985cdde94477deefd823ad9be3"
  integrity sha512-QzEzjrd1zFzY9cDlbIiFvdr+YUmefuuRYrPxmkwG0UQv5XF35gFIi7a95m1bNVcFU0VimxSZ5QVGSiBmlggQXQ==
  dependencies:
    "@types/prop-types" "*"
    csstype "^2.2.0"

ajv@^6.5.5:
  version "6.10.0"
  resolved "https://registry.yarnpkg.com/ajv/-/ajv-6.10.0.tgz#90d0d54439da587cd7e843bfb7045f50bd22bdf1"
  integrity sha512-nffhOpkymDECQyR0mnsUtoCE8RlX38G0rYP+wgLWFyZuUyuuojSSvi/+euOiQBIn63whYwYVIIH1TvE3tu4OEg==
  dependencies:
    fast-deep-equal "^2.0.1"
    fast-json-stable-stringify "^2.0.0"
    json-schema-traverse "^0.4.1"
    uri-js "^4.2.2"

ansi-styles@^3.2.1:
  version "3.2.1"
  resolved "https://registry.yarnpkg.com/ansi-styles/-/ansi-styles-3.2.1.tgz#41fbb20243e50b12be0f04b8dedbf07520ce841d"
  integrity sha512-VT0ZI6kZRdTh8YyJw3SMbYm/u+NqfsAxEpWO0Pf9sq8/e94WxxOpPKx9FR1FlyCtOVDNOQ+8ntlqFxiRc+r5qA==
  dependencies:
    color-convert "^1.9.0"

array-uniq@^1.0.2:
  version "1.0.3"
  resolved "https://registry.yarnpkg.com/array-uniq/-/array-uniq-1.0.3.tgz#af6ac877a25cc7f74e058894753858dfdb24fdb6"
  integrity sha1-r2rId6Jcx/dOBYiUdThY39sk/bY=

asap@~2.0.3:
  version "2.0.6"
  resolved "https://registry.yarnpkg.com/asap/-/asap-2.0.6.tgz#e50347611d7e690943208bbdafebcbc2fb866d46"
  integrity sha1-5QNHYR1+aQlDIIu9r+vLwvuGbUY=

async-limiter@^1.0.0:
  version "1.0.0"
  resolved "https://registry.yarnpkg.com/async-limiter/-/async-limiter-1.0.0.tgz#78faed8c3d074ab81f22b4e985d79e8738f720f8"
  integrity sha512-jp/uFnooOiO+L211eZOoSyzpOITMXx1rBITauYykG3BRYPu8h0UcxsPNB04RR5vo4Tyz3+ay17tR6JVf9qzYWg==

balanced-match@^1.0.0:
  version "1.0.0"
  resolved "https://registry.yarnpkg.com/balanced-match/-/balanced-match-1.0.0.tgz#89b4d199ab2bee49de164ea02b89ce462d71b767"
  integrity sha1-ibTRmasr7kneFk6gK4nORi1xt2c=

brace-expansion@^1.1.7:
  version "1.1.11"
  resolved "https://registry.yarnpkg.com/brace-expansion/-/brace-expansion-1.1.11.tgz#3c7fcbf529d87226f3d2f52b966ff5271eb441dd"
  integrity sha512-iCuPHDFgrHX7H2vEI/5xpz07zSHB00TpugqhmYtVmMO6518mCuRMoOYFldEBl0g187ufozdaHgWKcYFb61qGiA==
  dependencies:
    balanced-match "^1.0.0"
    concat-map "0.0.1"

chalk@^2.4.1, chalk@^2.4.2:
  version "2.4.2"
  resolved "https://registry.yarnpkg.com/chalk/-/chalk-2.4.2.tgz#cd42541677a54333cf541a49108c1432b44c9424"
  integrity sha512-Mti+f9lpJNcwF4tWV8/OrTTtF1gZi+f8FqlyAdouralcFWFQWF2+NgCHShjkCb+IFBLq9buZwE1xckQU4peSuQ==
  dependencies:
    ansi-styles "^3.2.1"
    escape-string-regexp "^1.0.5"
    supports-color "^5.3.0"

classnames@^2.2:
  version "2.2.6"
  resolved "https://registry.yarnpkg.com/classnames/-/classnames-2.2.6.tgz#43935bffdd291f326dad0a205309b38d00f650ce"
  integrity sha512-JR/iSQOSt+LQIWwrwEzJ9uk0xfN3mTVYMwt1Ir5mUcSN6pU+V4zQFFaJsclJbPuAUQH+yfWef6tm7l1quW3C8Q==

codemirror@~5.47.0:
  version "5.47.0"
  resolved "https://registry.yarnpkg.com/codemirror/-/codemirror-5.47.0.tgz#c13a521ae5660d3acc655af252f4955065293789"
  integrity sha512-kV49Fr+NGFHFc/Imsx6g180hSlkGhuHxTSDDmDHOuyln0MQYFLixDY4+bFkBVeCEiepYfDimAF/e++9jPJk4QA==

color-convert@^1.9.0:
  version "1.9.3"
  resolved "https://registry.yarnpkg.com/color-convert/-/color-convert-1.9.3.tgz#bb71850690e1f136567de629d2d5471deda4c1e8"
  integrity sha512-QfAUtd+vFdAtFQcC8CCyYt1fYWxSqAiK2cSD6zDB8N3cpsEBAvRxp9zOGg6G/SHHJYAT88/az/IuDGALsNVbGg==
  dependencies:
    color-name "1.1.3"

color-name@1.1.3:
  version "1.1.3"
  resolved "https://registry.yarnpkg.com/color-name/-/color-name-1.1.3.tgz#a7d0558bd89c42f795dd42328f740831ca53bc25"
  integrity sha1-p9BVi9icQveV3UIyj3QIMcpTvCU=

concat-map@0.0.1:
  version "0.0.1"
  resolved "https://registry.yarnpkg.com/concat-map/-/concat-map-0.0.1.tgz#d8a96bd77fd68df7793a73036a3ba0d5405d477b"
  integrity sha1-2Klr13/Wjfd5OnMDajug1UBdR3s=

core-js@^1.0.0:
  version "1.2.7"
  resolved "https://registry.yarnpkg.com/core-js/-/core-js-1.2.7.tgz#652294c14651db28fa93bd2d5ff2983a4f08c636"
  integrity sha1-ZSKUwUZR2yj6k70tX/KYOk8IxjY=

create-react-context@<=0.2.2:
  version "0.2.2"
  resolved "https://registry.yarnpkg.com/create-react-context/-/create-react-context-0.2.2.tgz#9836542f9aaa22868cd7d4a6f82667df38019dca"
  integrity sha512-KkpaLARMhsTsgp0d2NA/R94F/eDLbhXERdIq3LvX2biCAXcDvHYoOqHfWCHf1+OLj+HKBotLG3KqaOOf+C1C+A==
  dependencies:
    fbjs "^0.8.0"
    gud "^1.0.0"

csstype@^2.2.0, csstype@^2.4.0:
  version "2.6.5"
  resolved "https://registry.yarnpkg.com/csstype/-/csstype-2.6.5.tgz#1cd1dff742ebf4d7c991470ae71e12bb6751e034"
  integrity sha512-JsTaiksRsel5n7XwqPAfB0l3TFKdpjW/kgAELf9vrb5adGA7UCPLajKK5s3nFrcFm3Rkyp/Qkgl73ENc1UY3cA==

dom-helpers@^3.4.0:
  version "3.4.0"
  resolved "https://registry.yarnpkg.com/dom-helpers/-/dom-helpers-3.4.0.tgz#e9b369700f959f62ecde5a6babde4bccd9169af8"
  integrity sha512-LnuPJ+dwqKDIyotW1VzmOZ5TONUN7CwkCR5hrgawTUbkBGYdeoNLZo6nNfGkCrjtE1nXXaj7iMMpDa8/d9WoIA==
  dependencies:
    "@babel/runtime" "^7.1.2"

dom-serializer@0:
  version "0.1.1"
  resolved "https://registry.yarnpkg.com/dom-serializer/-/dom-serializer-0.1.1.tgz#1ec4059e284babed36eec2941d4a970a189ce7c0"
  integrity sha512-l0IU0pPzLWSHBcieZbpOKgkIn3ts3vAh7ZuFyXNwJxJXk/c4Gwj9xaTJwIDVQCXawWD0qb3IzMGH5rglQaO0XA==
  dependencies:
    domelementtype "^1.3.0"
    entities "^1.1.1"

dom4@^2.0.1:
  version "2.1.5"
  resolved "https://registry.yarnpkg.com/dom4/-/dom4-2.1.5.tgz#f98a94eb67b340f0fa5b42b0ee9c38cda035428e"
  integrity sha512-gJbnVGq5zaBUY0lUh0LUEVGYrtN75Ks8ZwpwOYvnVFrKy/qzXK4R/1WuLIFExWj/tBxbRAkTzZUGJHXmqsBNjQ==

domelementtype@1, domelementtype@^1.3.0, domelementtype@^1.3.1:
  version "1.3.1"
  resolved "https://registry.yarnpkg.com/domelementtype/-/domelementtype-1.3.1.tgz#d048c44b37b0d10a7f2a3d5fee3f4333d790481f"
  integrity sha512-BSKB+TSpMpFI/HOxCNr1O8aMOTZ8hT3pM3GQ0w/mWRmkhEDSFJkkyzz4XQsBV44BChwGkrDfMyjVD0eA2aFV3w==

domhandler@^2.3.0:
  version "2.4.2"
  resolved "https://registry.yarnpkg.com/domhandler/-/domhandler-2.4.2.tgz#8805097e933d65e85546f726d60f5eb88b44f803"
  integrity sha512-JiK04h0Ht5u/80fdLMCEmV4zkNh2BcoMFBmZ/91WtYZ8qVXSKjiw7fXMgFPnHcSZgOo3XdinHvmnDUeMf5R4wA==
  dependencies:
    domelementtype "1"

domutils@^1.5.1:
  version "1.7.0"
  resolved "https://registry.yarnpkg.com/domutils/-/domutils-1.7.0.tgz#56ea341e834e06e6748af7a1cb25da67ea9f8c2a"
  integrity sha512-Lgd2XcJ/NjEw+7tFvfKxOzCYKZsdct5lczQ2ZaQY8Djz7pfAD3Gbp8ySJWtreII/vDlMVmxwa6pHmdxIYgttDg==
  dependencies:
    dom-serializer "0"
    domelementtype "1"

encoding@^0.1.11:
  version "0.1.12"
  resolved "https://registry.yarnpkg.com/encoding/-/encoding-0.1.12.tgz#538b66f3ee62cd1ab51ec323829d1f9480c74beb"
  integrity sha1-U4tm8+5izRq1HsMjgp0flIDHS+s=
  dependencies:
    iconv-lite "~0.4.13"

entities@^1.1.1:
  version "1.1.2"
  resolved "https://registry.yarnpkg.com/entities/-/entities-1.1.2.tgz#bdfa735299664dfafd34529ed4f8522a275fea56"
  integrity sha512-f2LZMYl1Fzu7YSBKg+RoROelpOaNrcGmE9AZubeDfrCEia483oW4MI4VyFd5VNHIgQ/7qm1I0wUHK1eJnn2y2w==

escape-string-regexp@^1.0.5:
  version "1.0.5"
  resolved "https://registry.yarnpkg.com/escape-string-regexp/-/escape-string-regexp-1.0.5.tgz#1b61c0562190a8dff6ae3bb2cf0200ca130b86d4"
  integrity sha1-G2HAViGQqN/2rjuyzwIAyhMLhtQ=

fast-deep-equal@^2.0.1:
  version "2.0.1"
  resolved "https://registry.yarnpkg.com/fast-deep-equal/-/fast-deep-equal-2.0.1.tgz#7b05218ddf9667bf7f370bf7fdb2cb15fdd0aa49"
  integrity sha1-ewUhjd+WZ79/Nwv3/bLLFf3Qqkk=

fast-json-stable-stringify@^2.0.0:
  version "2.0.0"
  resolved "https://registry.yarnpkg.com/fast-json-stable-stringify/-/fast-json-stable-stringify-2.0.0.tgz#d5142c0caee6b1189f87d3a76111064f86c8bbf2"
  integrity sha1-1RQsDK7msRifh9OnYREGT4bIu/I=

fbjs@^0.8.0:
  version "0.8.17"
  resolved "https://registry.yarnpkg.com/fbjs/-/fbjs-0.8.17.tgz#c4d598ead6949112653d6588b01a5cdcd9f90fdd"
  integrity sha1-xNWY6taUkRJlPWWIsBpc3Nn5D90=
  dependencies:
    core-js "^1.0.0"
    isomorphic-fetch "^2.1.1"
    loose-envify "^1.0.0"
    object-assign "^4.1.0"
    promise "^7.1.1"
    setimmediate "^1.0.5"
    ua-parser-js "^0.7.18"

font-awesome@~4.7.0:
  version "4.7.0"
  resolved "https://registry.yarnpkg.com/font-awesome/-/font-awesome-4.7.0.tgz#8fa8cf0411a1a31afd07b06d2902bb9fc815a133"
  integrity sha1-j6jPBBGhoxr9B7BtKQK7n8gVoTM=

free-style@2.5.1:
  version "2.5.1"
  resolved "https://registry.yarnpkg.com/free-style/-/free-style-2.5.1.tgz#5e3f684c470d3bba7e4dbb43524e0a08917e873c"
  integrity sha512-X7dtUSTrlS1KRQBtiQ618NWIRDdRgD91IeajKCSh0fgTqArSixv+n3ea6F/OSvrvg14tPLR+yCq2s+O602+pRw==

fs.realpath@^1.0.0:
  version "1.0.0"
  resolved "https://registry.yarnpkg.com/fs.realpath/-/fs.realpath-1.0.0.tgz#1504ad2523158caa40db4a2787cb01411994ea4f"
  integrity sha1-FQStJSMVjKpA20onh8sBQRmU6k8=

glob@^7.1.3:
  version "7.1.4"
  resolved "https://registry.yarnpkg.com/glob/-/glob-7.1.4.tgz#aa608a2f6c577ad357e1ae5a5c26d9a8d1969255"
  integrity sha512-hkLPepehmnKk41pUGm3sYxoFs/umurYfYJCerbXEyFIWcAzvpipAgVkBqqT9RBKMGjnq6kMuyYwha6csxbiM1A==
  dependencies:
    fs.realpath "^1.0.0"
    inflight "^1.0.4"
    inherits "2"
    minimatch "^3.0.4"
    once "^1.3.0"
    path-is-absolute "^1.0.0"

gud@^1.0.0:
  version "1.0.0"
  resolved "https://registry.yarnpkg.com/gud/-/gud-1.0.0.tgz#a489581b17e6a70beca9abe3ae57de7a499852c0"
  integrity sha512-zGEOVKFM5sVPPrYs7J5/hYEw2Pof8KCyOwyhG8sAF26mCAeUFAcYPu1mwB7hhpIP29zOIBaDqwuHdLp0jvZXjw==

has-flag@^3.0.0:
  version "3.0.0"
  resolved "https://registry.yarnpkg.com/has-flag/-/has-flag-3.0.0.tgz#b5d454dc2199ae225699f3467e5a07f3b955bafd"
  integrity sha1-tdRU3CGZriJWmfNGfloH87lVuv0=

htmlparser2@^3.10.0:
  version "3.10.1"
  resolved "https://registry.yarnpkg.com/htmlparser2/-/htmlparser2-3.10.1.tgz#bd679dc3f59897b6a34bb10749c855bb53a9392f"
  integrity sha512-IgieNijUMbkDovyoKObU1DUhm1iwNYE/fuifEoEHfd1oZKZDaONBSkal7Y01shxsM49R4XaMdGez3WnF9UfiCQ==
  dependencies:
    domelementtype "^1.3.1"
    domhandler "^2.3.0"
    domutils "^1.5.1"
    entities "^1.1.1"
    inherits "^2.0.1"
    readable-stream "^3.1.1"

iconv-lite@~0.4.13:
  version "0.4.24"
  resolved "https://registry.yarnpkg.com/iconv-lite/-/iconv-lite-0.4.24.tgz#2022b4b25fbddc21d2f524974a474aafe733908b"
  integrity sha512-v3MXnZAcvnywkTUEZomIActle7RXXeedOR31wwl7VlyoXO4Qi9arvSenNQWne1TcRwhCL1HwLI21bEqdpj8/rA==
  dependencies:
    safer-buffer ">= 2.1.2 < 3"

inflight@^1.0.4:
  version "1.0.6"
  resolved "https://registry.yarnpkg.com/inflight/-/inflight-1.0.6.tgz#49bd6331d7d02d0c09bc910a1075ba8165b56df9"
  integrity sha1-Sb1jMdfQLQwJvJEKEHW6gWW1bfk=
  dependencies:
    once "^1.3.0"
    wrappy "1"

inherits@2, inherits@^2.0.1, inherits@^2.0.3:
  version "2.0.3"
  resolved "https://registry.yarnpkg.com/inherits/-/inherits-2.0.3.tgz#633c2c83e3da42a502f52466022480f4208261de"
  integrity sha1-Yzwsg+PaQqUC9SRmAiSA9CCCYd4=

is-stream@^1.0.1:
  version "1.1.0"
  resolved "https://registry.yarnpkg.com/is-stream/-/is-stream-1.1.0.tgz#12d4a3dd4e68e0b79ceb8dbc84173ae80d91ca44"
  integrity sha1-EtSj3U5o4Lec6428hBc66A2RykQ=

isomorphic-fetch@^2.1.1:
  version "2.2.1"
  resolved "https://registry.yarnpkg.com/isomorphic-fetch/-/isomorphic-fetch-2.2.1.tgz#611ae1acf14f5e81f729507472819fe9733558a9"
  integrity sha1-YRrhrPFPXoH3KVB0coGf6XM1WKk=
  dependencies:
    node-fetch "^1.0.1"
    whatwg-fetch ">=0.10.0"

"js-tokens@^3.0.0 || ^4.0.0":
  version "4.0.0"
  resolved "https://registry.yarnpkg.com/js-tokens/-/js-tokens-4.0.0.tgz#19203fb59991df98e3a287050d4647cdeaf32499"
  integrity sha512-RdJUflcE3cUzKiMqQgsCu06FPu9UdIJO0beYbPhHN4k6apgJtifcoCtT9bcxOpYBtpD2kCM6Sbzg4CausW/PKQ==

json-schema-traverse@^0.4.1:
  version "0.4.1"
  resolved "https://registry.yarnpkg.com/json-schema-traverse/-/json-schema-traverse-0.4.1.tgz#69f6a87d9513ab8bb8fe63bdb0979c448e684660"
  integrity sha512-xbbCH5dCYU5T8LcEhhuh7HJ88HXuW3qsI3Y0zOZFKfZEHcpWiHU/Jxzk629Brsab/mMiHQti9wMP+845RPe3Vg==

json5@^2.1.0:
  version "2.1.0"
  resolved "https://registry.yarnpkg.com/json5/-/json5-2.1.0.tgz#e7a0c62c48285c628d20a10b85c89bb807c32850"
  integrity sha512-8Mh9h6xViijj36g7Dxi+Y4S6hNGV96vcJZr/SrlHh1LR/pEn/8j/+qIBbs44YKl69Lrfctp4QD+AdWLTMqEZAQ==
  dependencies:
    minimist "^1.2.0"

lodash.clonedeep@^4.5.0:
  version "4.5.0"
  resolved "https://registry.yarnpkg.com/lodash.clonedeep/-/lodash.clonedeep-4.5.0.tgz#e23f3f9c4f8fbdde872529c1071857a086e5ccef"
  integrity sha1-4j8/nE+Pvd6HJSnBBxhXoIblzO8=

lodash.escape@^4.0.1:
  version "4.0.1"
  resolved "https://registry.yarnpkg.com/lodash.escape/-/lodash.escape-4.0.1.tgz#c9044690c21e04294beaa517712fded1fa88de98"
  integrity sha1-yQRGkMIeBClL6qUXcS/e0fqI3pg=

lodash.escaperegexp@^4.1.2:
  version "4.1.2"
  resolved "https://registry.yarnpkg.com/lodash.escaperegexp/-/lodash.escaperegexp-4.1.2.tgz#64762c48618082518ac3df4ccf5d5886dae20347"
  integrity sha1-ZHYsSGGAglGKw99Mz11YhtriA0c=

lodash.isplainobject@^4.0.6:
  version "4.0.6"
  resolved "https://registry.yarnpkg.com/lodash.isplainobject/-/lodash.isplainobject-4.0.6.tgz#7c526a52d89b45c45cc690b88163be0497f550cb"
  integrity sha1-fFJqUtibRcRcxpC4gWO+BJf1UMs=

lodash.isstring@^4.0.1:
  version "4.0.1"
  resolved "https://registry.yarnpkg.com/lodash.isstring/-/lodash.isstring-4.0.1.tgz#d527dfb5456eca7cc9bb95d5daeaf88ba54a5451"
  integrity sha1-1SfftUVuynzJu5XV2ur4i6VKVFE=

lodash.mergewith@^4.6.1:
  version "4.6.1"
  resolved "https://registry.yarnpkg.com/lodash.mergewith/-/lodash.mergewith-4.6.1.tgz#639057e726c3afbdb3e7d42741caa8d6e4335927"
  integrity sha512-eWw5r+PYICtEBgrBE5hhlT6aAa75f411bgDz/ZL2KZqYV03USvucsxcHUIlGTDTECs1eunpI7HOV7U+WLDvNdQ==

loose-envify@^1.0.0, loose-envify@^1.1.0, loose-envify@^1.4.0:
  version "1.4.0"
  resolved "https://registry.yarnpkg.com/loose-envify/-/loose-envify-1.4.0.tgz#71ee51fa7be4caec1a63839f7e682d8132d30caf"
  integrity sha512-lyuxPGr/Wfhrlem2CL/UcnUc1zcqKAImBDzukY7Y5F/yQiNdko6+fRLevlw1HgMySw7f611UIY408EtxRSoK3Q==
  dependencies:
    js-tokens "^3.0.0 || ^4.0.0"

marked@0.6.2:
  version "0.6.2"
  resolved "https://registry.yarnpkg.com/marked/-/marked-0.6.2.tgz#c574be8b545a8b48641456ca1dbe0e37b6dccc1a"
  integrity sha512-LqxwVH3P/rqKX4EKGz7+c2G9r98WeM/SW34ybhgNGhUQNKtf1GmmSkJ6cDGJ/t6tiyae49qRkpyTw2B9HOrgUA==

minimatch@^3.0.4:
  version "3.0.4"
  resolved "https://registry.yarnpkg.com/minimatch/-/minimatch-3.0.4.tgz#5166e286457f03306064be5497e8dbb0c3d32083"
  integrity sha512-yJHVQEhyqPLUTgt9B83PXu6W3rx4MvvHvSUvToogpwoGDOUQ+yDrR0HRot+yOCdCO7u4hX3pWft6kWBBcqh0UA==
  dependencies:
    brace-expansion "^1.1.7"

minimist@^1.2.0, minimist@~1.2.0:
  version "1.2.0"
  resolved "https://registry.yarnpkg.com/minimist/-/minimist-1.2.0.tgz#a35008b20f41383eec1fb914f4cd5df79a264284"
  integrity sha1-o1AIsg9BOD7sH7kU9M1d95omQoQ=

moment@^2.24.0:
  version "2.24.0"
  resolved "https://registry.yarnpkg.com/moment/-/moment-2.24.0.tgz#0d055d53f5052aa653c9f6eb68bb5d12bf5c2b5b"
  integrity sha512-bV7f+6l2QigeBBZSM/6yTNq4P2fNpSWj/0e7jQcy87A8e7o2nAfP/34/2ky5Vw4B9S446EtIhodAzkFCcR4dQg==

node-fetch@^1.0.1:
  version "1.7.3"
  resolved "https://registry.yarnpkg.com/node-fetch/-/node-fetch-1.7.3.tgz#980f6f72d85211a5347c6b2bc18c5b84c3eb47ef"
  integrity sha512-NhZ4CsKx7cYm2vSrBAr2PvFOe6sWDf0UYLRqA6svUYg7+/TSfVAu49jYC4BvQ4Sms9SZgdqGBgroqfDhJdTyKQ==
  dependencies:
    encoding "^0.1.11"
    is-stream "^1.0.1"

node-fetch@^2.6.0:
  version "2.6.0"
  resolved "https://registry.yarnpkg.com/node-fetch/-/node-fetch-2.6.0.tgz#e633456386d4aa55863f676a7ab0daa8fdecb0fd"
  integrity sha512-8dG4H5ujfvFiqDmVu9fQ5bOHUC15JMjMY/Zumv26oOvvVJjM67KF8koCWIabKQ1GJIa9r2mMZscBq/TbdOcmNA==

normalize.css@^8.0.0:
  version "8.0.1"
  resolved "https://registry.yarnpkg.com/normalize.css/-/normalize.css-8.0.1.tgz#9b98a208738b9cc2634caacbc42d131c97487bf3"
  integrity sha512-qizSNPO93t1YUuUhP22btGOo3chcvDFqFaj2TRybP0DMxkHOCTYwp3n34fel4a31ORXy4m1Xq0Gyqpb5m33qIg==

number-is-nan@^1.0.0:
  version "1.0.1"
  resolved "https://registry.yarnpkg.com/number-is-nan/-/number-is-nan-1.0.1.tgz#097b602b53422a522c1afb8790318336941a011d"
  integrity sha1-CXtgK1NCKlIsGvuHkDGDNpQaAR0=

object-assign@^4.1.0, object-assign@^4.1.1:
  version "4.1.1"
  resolved "https://registry.yarnpkg.com/object-assign/-/object-assign-4.1.1.tgz#2109adc7965887cfc05cbbd442cac8bfbb360863"
  integrity sha1-IQmtx5ZYh8/AXLvUQsrIv7s2CGM=

once@^1.3.0:
  version "1.4.0"
  resolved "https://registry.yarnpkg.com/once/-/once-1.4.0.tgz#583b1aa775961d4b113ac17d9c50baef9dd76bd1"
  integrity sha1-WDsap3WWHUsROsF9nFC6753Xa9E=
  dependencies:
    wrappy "1"

path-is-absolute@^1.0.0:
  version "1.0.1"
  resolved "https://registry.yarnpkg.com/path-is-absolute/-/path-is-absolute-1.0.1.tgz#174b9268735534ffbc7ace6bf53a5a9e1b5c5f5f"
  integrity sha1-F0uSaHNVNP+8es5r9TpanhtcX18=

path-posix@~1.0.0:
  version "1.0.0"
  resolved "https://registry.yarnpkg.com/path-posix/-/path-posix-1.0.0.tgz#06b26113f56beab042545a23bfa88003ccac260f"
  integrity sha1-BrJhE/Vr6rBCVFojv6iAA8ysJg8=

popper.js@^1.14.1, popper.js@^1.14.4:
  version "1.15.0"
  resolved "https://registry.yarnpkg.com/popper.js/-/popper.js-1.15.0.tgz#5560b99bbad7647e9faa475c6b8056621f5a4ff2"
  integrity sha512-w010cY1oCUmI+9KwwlWki+r5jxKfTFDVoadl7MSrIujHU5MJ5OR6HTDj6Xo8aoR/QsA56x8jKjA59qGH4ELtrA==

postcss@^7.0.5:
  version "7.0.17"
  resolved "https://registry.yarnpkg.com/postcss/-/postcss-7.0.17.tgz#4da1bdff5322d4a0acaab4d87f3e782436bad31f"
  integrity sha512-546ZowA+KZ3OasvQZHsbuEpysvwTZNGJv9EfyCQdsIDltPSWHAeTQ5fQy/Npi2ZDtLI3zs7Ps/p6wThErhm9fQ==
  dependencies:
    chalk "^2.4.2"
    source-map "^0.6.1"
    supports-color "^6.1.0"

promise@^7.1.1:
  version "7.3.1"
  resolved "https://registry.yarnpkg.com/promise/-/promise-7.3.1.tgz#064b72602b18f90f29192b8b1bc418ffd1ebd3bf"
  integrity sha512-nolQXZ/4L+bP/UGlkfaIujX9BKxGwmQ9OT4mOt5yvy8iK1h3wqTEJCijzGANTCCl9nWjY41juyAn2K3Q1hLLTg==
  dependencies:
    asap "~2.0.3"

prop-types@^15.6.1, prop-types@^15.6.2:
  version "15.7.2"
  resolved "https://registry.yarnpkg.com/prop-types/-/prop-types-15.7.2.tgz#52c41e75b8c87e72b9d9360e0206b99dcbffa6c5"
  integrity sha512-8QQikdH7//R2vurIJSutZ1smHYTcLpRWEOlHnzcWHmBYrOGUysKwSsrC89BCiFj3CbrfJ/nXFdJepOVrY1GCHQ==
  dependencies:
    loose-envify "^1.4.0"
    object-assign "^4.1.1"
    react-is "^16.8.1"

punycode@^2.1.0:
  version "2.1.1"
  resolved "https://registry.yarnpkg.com/punycode/-/punycode-2.1.1.tgz#b58b010ac40c22c5657616c8d2c2c02c7bf479ec"
  integrity sha512-XRsRjdf+j5ml+y/6GKHPZbrF/8p2Yga0JPtdqTIY2Xe5ohJPD9saDJJLPvp9+NSBprVvevdXZybnj2cv8OEd0A==

querystringify@^2.1.1:
  version "2.1.1"
  resolved "https://registry.yarnpkg.com/querystringify/-/querystringify-2.1.1.tgz#60e5a5fd64a7f8bfa4d2ab2ed6fdf4c85bad154e"
  integrity sha512-w7fLxIRCRT7U8Qu53jQnJyPkYZIaR4n5151KMfcJlO/A9397Wxb1amJvROTK6TOnp7PfoAmg/qXiNHI+08jRfA==

react-dom@~16.8.4:
  version "16.8.6"
  resolved "https://registry.yarnpkg.com/react-dom/-/react-dom-16.8.6.tgz#71d6303f631e8b0097f56165ef608f051ff6e10f"
  integrity sha512-1nL7PIq9LTL3fthPqwkvr2zY7phIPjYrT0jp4HjyEQrEROnw4dG41VVwi/wfoCneoleqrNX7iAD+pXebJZwrwA==
  dependencies:
    loose-envify "^1.1.0"
    object-assign "^4.1.1"
    prop-types "^15.6.2"
    scheduler "^0.13.6"

react-is@^16.8.1:
  version "16.8.6"
  resolved "https://registry.yarnpkg.com/react-is/-/react-is-16.8.6.tgz#5bbc1e2d29141c9fbdfed456343fe2bc430a6a16"
  integrity sha512-aUk3bHfZ2bRSVFFbbeVS4i+lNPZr3/WM5jT2J5omUVV1zzcs1nAaf3l51ctA5FFvCRbhrH0bdAsRRQddFJZPtA==

react-lifecycles-compat@^3.0.4:
  version "3.0.4"
  resolved "https://registry.yarnpkg.com/react-lifecycles-compat/-/react-lifecycles-compat-3.0.4.tgz#4f1a273afdfc8f3488a8c516bfda78f872352362"
  integrity sha512-fBASbA6LnOU9dOU2eW7aQ8xmYBSXUIWr+UmF9b1efZBazGNO+rcXT/icdKnYm2pTwcRylVUYwW7H1PHfLekVzA==

react-popper@^1.0.0:
  version "1.3.3"
  resolved "https://registry.yarnpkg.com/react-popper/-/react-popper-1.3.3.tgz#2c6cef7515a991256b4f0536cd4bdcb58a7b6af6"
  integrity sha512-ynMZBPkXONPc5K4P5yFWgZx5JGAUIP3pGGLNs58cfAPgK67olx7fmLp+AdpZ0+GoQ+ieFDa/z4cdV6u7sioH6w==
  dependencies:
    "@babel/runtime" "^7.1.2"
    create-react-context "<=0.2.2"
    popper.js "^1.14.4"
    prop-types "^15.6.1"
    typed-styles "^0.0.7"
    warning "^4.0.2"

react-transition-group@^2.2.1:
  version "2.9.0"
  resolved "https://registry.yarnpkg.com/react-transition-group/-/react-transition-group-2.9.0.tgz#df9cdb025796211151a436c69a8f3b97b5b07c8d"
  integrity sha512-+HzNTCHpeQyl4MJ/bdE0u6XRMe9+XG/+aL4mCxVN4DnPBQ0/5bfHWPDuOZUzYdMj94daZaZdCCc1Dzt9R/xSSg==
  dependencies:
    dom-helpers "^3.4.0"
    loose-envify "^1.4.0"
    prop-types "^15.6.2"
    react-lifecycles-compat "^3.0.4"

react@~16.8.4:
  version "16.8.6"
  resolved "https://registry.yarnpkg.com/react/-/react-16.8.6.tgz#ad6c3a9614fd3a4e9ef51117f54d888da01f2bbe"
  integrity sha512-pC0uMkhLaHm11ZSJULfOBqV4tIZkx87ZLvbbQYunNixAAvjnC+snJCg0XQXn9VIsttVsbZP/H/ewzgsd5fxKXw==
  dependencies:
    loose-envify "^1.1.0"
    object-assign "^4.1.1"
    prop-types "^15.6.2"
    scheduler "^0.13.6"

readable-stream@^3.1.1:
  version "3.4.0"
  resolved "https://registry.yarnpkg.com/readable-stream/-/readable-stream-3.4.0.tgz#a51c26754658e0a3c21dbf59163bd45ba6f447fc"
  integrity sha512-jItXPLmrSR8jmTRmRWJXCnGJsfy85mB3Wd/uINMXA65yrnFo0cPClFIUWzo2najVNSl+mx7/4W8ttlLWJe99pQ==
  dependencies:
    inherits "^2.0.3"
    string_decoder "^1.1.1"
    util-deprecate "^1.0.1"

regenerator-runtime@^0.13.2:
  version "0.13.2"
  resolved "https://registry.yarnpkg.com/regenerator-runtime/-/regenerator-runtime-0.13.2.tgz#32e59c9a6fb9b1a4aff09b4930ca2d4477343447"
  integrity sha512-S/TQAZJO+D3m9xeN1WTI8dLKBBiRgXBlTJvbWjCThHWZj9EvHK70Ff50/tYj2J/fvBY6JtFVwRuazHN2E7M9BA==

requires-port@^1.0.0:
  version "1.0.0"
  resolved "https://registry.yarnpkg.com/requires-port/-/requires-port-1.0.0.tgz#925d2601d39ac485e091cf0da5c6e694dc3dcaff"
  integrity sha1-kl0mAdOaxIXgkc8NpcbmlNw9yv8=

resize-observer-polyfill@^1.5.0:
  version "1.5.1"
  resolved "https://registry.yarnpkg.com/resize-observer-polyfill/-/resize-observer-polyfill-1.5.1.tgz#0e9020dd3d21024458d4ebd27e23e40269810464"
  integrity sha512-LwZrotdHOo12nQuZlHEmtuXdqGoOD0OhaxopaNFxWzInpEgaLWoVuAMbTzixuosCx2nEG58ngzW3vxdWoxIgdg==

rimraf@^2.6.3:
  version "2.6.3"
  resolved "https://registry.yarnpkg.com/rimraf/-/rimraf-2.6.3.tgz#b2d104fe0d8fb27cf9e0a1cda8262dd3833c6cab"
  integrity sha512-mwqeW5XsA2qAejG46gYdENaxXjx9onRNCfn7L0duuP4hCuTIi/QO7PDK07KJfp1d+izWPrzEJDcSqBa0OZQriA==
  dependencies:
    glob "^7.1.3"

safe-buffer@~5.1.0:
  version "5.1.2"
  resolved "https://registry.yarnpkg.com/safe-buffer/-/safe-buffer-5.1.2.tgz#991ec69d296e0313747d59bdfd2b745c35f8828d"
  integrity sha512-Gd2UZBJDkXlY7GbJxfsE8/nvKkUEU1G38c1siN6QP6a9PT9MmHB8GnpscSmMJSoF8LOIrt8ud/wPtojys4G6+g==

"safer-buffer@>= 2.1.2 < 3":
  version "2.1.2"
  resolved "https://registry.yarnpkg.com/safer-buffer/-/safer-buffer-2.1.2.tgz#44fa161b0187b9549dd84bb91802f9bd8385cd6a"
  integrity sha512-YZo3K82SD7Riyi0E1EQPojLz7kpepnSQI9IyPbHHg1XXXevb5dJI7tpyN2ADxGcQbHG7vcyRHk0cbwqcQriUtg==

sanitize-html@~1.20.1:
  version "1.20.1"
  resolved "https://registry.yarnpkg.com/sanitize-html/-/sanitize-html-1.20.1.tgz#f6effdf55dd398807171215a62bfc21811bacf85"
  integrity sha512-txnH8TQjaQvg2Q0HY06G6CDJLVYCpbnxrdO0WN8gjCKaU5J0KbyGYhZxx5QJg3WLZ1lB7XU9kDkfrCXUozqptA==
  dependencies:
    chalk "^2.4.1"
    htmlparser2 "^3.10.0"
    lodash.clonedeep "^4.5.0"
    lodash.escaperegexp "^4.1.2"
    lodash.isplainobject "^4.0.6"
    lodash.isstring "^4.0.1"
    lodash.mergewith "^4.6.1"
    postcss "^7.0.5"
    srcset "^1.0.0"
    xtend "^4.0.1"

scheduler@^0.13.6:
  version "0.13.6"
  resolved "https://registry.yarnpkg.com/scheduler/-/scheduler-0.13.6.tgz#466a4ec332467b31a91b9bf74e5347072e4cd889"
  integrity sha512-IWnObHt413ucAYKsD9J1QShUKkbKLQQHdxRyw73sw4FN26iWr3DY/H34xGPe4nmL1DwXyWmSWmMrA9TfQbE/XQ==
  dependencies:
    loose-envify "^1.1.0"
    object-assign "^4.1.1"

setimmediate@^1.0.5:
  version "1.0.5"
  resolved "https://registry.yarnpkg.com/setimmediate/-/setimmediate-1.0.5.tgz#290cbb232e306942d7d7ea9b83732ab7856f8285"
  integrity sha1-KQy7Iy4waULX1+qbg3Mqt4VvgoU=

source-map@^0.6.1:
  version "0.6.1"
  resolved "https://registry.yarnpkg.com/source-map/-/source-map-0.6.1.tgz#74722af32e9614e9c287a8d0bbde48b5e2f1a263"
  integrity sha512-UjgapumWlbMhkBgzT7Ykc5YXUT46F0iKu8SGXq0bcwP5dz/h0Plj6enJqjz1Zbq2l5WaqYnrVbwWOWMyF3F47g==

srcset@^1.0.0:
  version "1.0.0"
  resolved "https://registry.yarnpkg.com/srcset/-/srcset-1.0.0.tgz#a5669de12b42f3b1d5e83ed03c71046fc48f41ef"
  integrity sha1-pWad4StC87HV6D7QPHEEb8SPQe8=
  dependencies:
    array-uniq "^1.0.2"
    number-is-nan "^1.0.0"

string_decoder@^1.1.1:
  version "1.2.0"
  resolved "https://registry.yarnpkg.com/string_decoder/-/string_decoder-1.2.0.tgz#fe86e738b19544afe70469243b2a1ee9240eae8d"
  integrity sha512-6YqyX6ZWEYguAxgZzHGL7SsCeGx3V2TtOTqZz1xSTSWnqsbWwbptafNyvf/ACquZUXV3DANr5BDIwNYe1mN42w==
  dependencies:
    safe-buffer "~5.1.0"

supports-color@^5.3.0:
  version "5.5.0"
  resolved "https://registry.yarnpkg.com/supports-color/-/supports-color-5.5.0.tgz#e2e69a44ac8772f78a1ec0b35b689df6530efc8f"
  integrity sha512-QjVjwdXIt408MIiAqCX4oUKsgU2EqAGzs2Ppkm4aQYbjm+ZEWEcW4SfFNTr4uMNZma0ey4f5lgLrkB0aX0QMow==
  dependencies:
    has-flag "^3.0.0"

supports-color@^6.1.0:
  version "6.1.0"
  resolved "https://registry.yarnpkg.com/supports-color/-/supports-color-6.1.0.tgz#0764abc69c63d5ac842dd4867e8d025e880df8f3"
  integrity sha512-qe1jfm1Mg7Nq/NSh6XE24gPXROEVsWHxC1LIx//XNlD9iw7YZQGjZNjYN7xGaEG6iKdA8EtNFW6R0gjnVXp+wQ==
  dependencies:
    has-flag "^3.0.0"

tslib@^1.9.0:
  version "1.9.3"
  resolved "https://registry.yarnpkg.com/tslib/-/tslib-1.9.3.tgz#d7e4dd79245d85428c4d7e4822a79917954ca286"
  integrity sha512-4krF8scpejhaOgqzBEcGM7yDIEfi0/8+8zDRZhNZZ2kjmHJ4hv3zCbQWxoJGz1iw5U0Jl0nma13xzHXcncMavQ==

typed-styles@^0.0.7:
  version "0.0.7"
  resolved "https://registry.yarnpkg.com/typed-styles/-/typed-styles-0.0.7.tgz#93392a008794c4595119ff62dde6809dbc40a3d9"
  integrity sha512-pzP0PWoZUhsECYjABgCGQlRGL1n7tOHsgwYv3oIiEpJwGhFTuty/YNeduxQYzXXa3Ge5BdT6sHYIQYpl4uJ+5Q==

typescript@~3.1.6:
  version "3.1.6"
  resolved "https://registry.yarnpkg.com/typescript/-/typescript-3.1.6.tgz#b6543a83cfc8c2befb3f4c8fba6896f5b0c9be68"
  integrity sha512-tDMYfVtvpb96msS1lDX9MEdHrW4yOuZ4Kdc4Him9oU796XldPYF/t2+uKoX0BBa0hXXwDlqYQbXY5Rzjzc5hBA==

typestyle@^2.0.1:
  version "2.0.2"
  resolved "https://registry.yarnpkg.com/typestyle/-/typestyle-2.0.2.tgz#e22f24f5d7e8506aa36b1fd3606824ac16291104"
  integrity sha512-2nKRvMFE12MYudRu0UxYryZw3vbSOnZyuZiGTblYKIEi/U+VaH/hThv69AWCu89V7qc9uqrcQme1GCXmObomuQ==
  dependencies:
    csstype "^2.4.0"
    free-style "2.5.1"

ua-parser-js@^0.7.18:
  version "0.7.20"
  resolved "https://registry.yarnpkg.com/ua-parser-js/-/ua-parser-js-0.7.20.tgz#7527178b82f6a62a0f243d1f94fd30e3e3c21098"
  integrity sha512-8OaIKfzL5cpx8eCMAhhvTlft8GYF8b2eQr6JkCyVdrgjcytyOmPCXrqXFcUnhonRpLlh5yxEZVohm6mzaowUOw==

uri-js@^4.2.2:
  version "4.2.2"
  resolved "https://registry.yarnpkg.com/uri-js/-/uri-js-4.2.2.tgz#94c540e1ff772956e2299507c010aea6c8838eb0"
  integrity sha512-KY9Frmirql91X2Qgjry0Wd4Y+YTdrdZheS8TFwvkbLWf/G5KNJDCh6pKL5OZctEW4+0Baa5idK2ZQuELRwPznQ==
  dependencies:
    punycode "^2.1.0"

url-parse@~1.4.3:
  version "1.4.7"
  resolved "https://registry.yarnpkg.com/url-parse/-/url-parse-1.4.7.tgz#a8a83535e8c00a316e403a5db4ac1b9b853ae278"
  integrity sha512-d3uaVyzDB9tQoSXFvuSUNFibTd9zxd2bkVrDRvF5TmvWWQwqE4lgYJ5m+x1DbecWkw+LK4RNl2CU1hHuOKPVlg==
  dependencies:
    querystringify "^2.1.1"
    requires-port "^1.0.0"

util-deprecate@^1.0.1:
  version "1.0.2"
  resolved "https://registry.yarnpkg.com/util-deprecate/-/util-deprecate-1.0.2.tgz#450d4dc9fa70de732762fbd2d4a28981419a0ccf"
  integrity sha1-RQ1Nyfpw3nMnYvvS1KKJgUGaDM8=

warning@^4.0.2:
  version "4.0.3"
  resolved "https://registry.yarnpkg.com/warning/-/warning-4.0.3.tgz#16e9e077eb8a86d6af7d64aa1e05fd85b4678ca3"
  integrity sha512-rpJyN222KWIvHJ/F53XSZv0Zl/accqHR8et1kpaMTD/fLCRxtV8iX8czMzY7sVZupTI3zcUTg8eycS2kNF9l6w==
  dependencies:
    loose-envify "^1.0.0"

whatwg-fetch@>=0.10.0:
  version "3.0.0"
  resolved "https://registry.yarnpkg.com/whatwg-fetch/-/whatwg-fetch-3.0.0.tgz#fc804e458cc460009b1a2b966bc8817d2578aefb"
  integrity sha512-9GSJUgz1D4MfyKU7KRqwOjXCXTqWdFNvEr7eUBYchQiVc744mqK/MzXPNR2WsPkmkOa4ywfg8C2n8h+13Bey1Q==

wrappy@1:
  version "1.0.2"
  resolved "https://registry.yarnpkg.com/wrappy/-/wrappy-1.0.2.tgz#b5243d8f3ec1aa35f1364605bc0d1036e30ab69f"
  integrity sha1-tSQ9jz7BqjXxNkYFvA0QNuMKtp8=

ws@^7.0.0:
  version "7.0.0"
  resolved "https://registry.yarnpkg.com/ws/-/ws-7.0.0.tgz#79351cbc3f784b3c20d0821baf4b4ff809ffbf51"
  integrity sha512-cknCal4k0EAOrh1SHHPPWWh4qm93g1IuGGGwBjWkXmCG7LsDtL8w9w+YVfaF+KSVwiHQKDIMsSLBVftKf9d1pg==
  dependencies:
    async-limiter "^1.0.0"

xtend@^4.0.1:
  version "4.0.1"
  resolved "https://registry.yarnpkg.com/xtend/-/xtend-4.0.1.tgz#a5c6d532be656e23db820efb943a1f04998d63af"
  integrity sha1-pcbVMr5lbiPbgg77lDofBJmNY68=
