# THIS IS AN AUTOGENERATED FILE. DO NOT EDIT THIS FILE DIRECTLY.
# yarn lockfile v1


"@elyra/pipeline-services@https://pkg.csb.dev/elyra-ai/pipeline-editor/commit/4491f7c4/@elyra/pipeline-services":
  version "0.0.0"
  resolved "https://pkg.csb.dev/elyra-ai/pipeline-editor/commit/4491f7c4/@elyra/pipeline-services#3f491bc9e7f3af61267badeb0959e3fa65d9dc96"
  dependencies:
    immer "^8.0.1"
    jsonc-parser "^3.0.0"

immer@^8.0.1:
  version "8.0.4"
  resolved "https://registry.yarnpkg.com/immer/-/immer-8.0.4.tgz#3a21605a4e2dded852fb2afd208ad50969737b7a"
  integrity sha512-jMfL18P+/6P6epANRvRk6q8t+3gGhqsJ9EuJ25AXE+9bNTYtssvzeYbEd0mXRYWCmmXSIbnlpz6vd6iJlmGGGQ==

jsonc-parser@^3.0.0:
  version "3.0.0"
  resolved "https://registry.yarnpkg.com/jsonc-parser/-/jsonc-parser-3.0.0.tgz#abdd785701c7e7eaca8a9ec8cf070ca51a745a22"
  integrity sha512-fQzRfAbIBnR0IQvftw9FJveWiHp72Fg20giDrHz6TdfB12UH/uue0D3hm57UB5KgAVuniLMCaS8P1IMj9NR7cA==

language-server@/Users/niko/Documents/code/elyra/vscode-pipeline-editor/packages/language-server:
  version "0.0.1"
  dependencies:
    "@elyra/pipeline-services" "https://pkg.csb.dev/elyra-ai/pipeline-editor/commit/4491f7c4/@elyra/pipeline-services"
    vscode-codicons "^0.0.13"
    vscode-languageserver "^7.0.0"
    vscode-languageserver-textdocument "^1.0.1"

vscode-codicons@^0.0.13:
  version "0.0.13"
  resolved "https://registry.yarnpkg.com/vscode-codicons/-/vscode-codicons-0.0.13.tgz#5c330b7d63b73eb1a83bcfede34474ccd1b11e32"
  integrity sha512-gtElmabGBptGeFD0/Xdr0qfV+5ONbnlD9USxjefetQzAeI0F//hHCHdb1vWhv2WVr/pstRZjQXhojrsq1/dl2w==

vscode-jsonrpc@6.0.0:
  version "6.0.0"
  resolved "https://registry.yarnpkg.com/vscode-jsonrpc/-/vscode-jsonrpc-6.0.0.tgz#108bdb09b4400705176b957ceca9e0880e9b6d4e"
  integrity sha512-wnJA4BnEjOSyFMvjZdpiOwhSq9uDoK8e/kpRJDTaMYzwlkrhG1fwDIZI94CLsLzlCK5cIbMMtFlJlfR57Lavmg==

vscode-languageserver-protocol@3.16.0:
  version "3.16.0"
  resolved "https://registry.yarnpkg.com/vscode-languageserver-protocol/-/vscode-languageserver-protocol-3.16.0.tgz#34135b61a9091db972188a07d337406a3cdbe821"
  integrity sha512-sdeUoAawceQdgIfTI+sdcwkiK2KU+2cbEYA0agzM2uqaUy2UpnnGHtWTHVEtS0ES4zHU0eMFRGN+oQgDxlD66A==
  dependencies:
    vscode-jsonrpc "6.0.0"
    vscode-languageserver-types "3.16.0"

vscode-languageserver-textdocument@^1.0.1:
  version "1.0.1"
  resolved "https://registry.yarnpkg.com/vscode-languageserver-textdocument/-/vscode-languageserver-textdocument-1.0.1.tgz#178168e87efad6171b372add1dea34f53e5d330f"
  integrity sha512-UIcJDjX7IFkck7cSkNNyzIz5FyvpQfY7sdzVy+wkKN/BLaD4DQ0ppXQrKePomCxTS7RrolK1I0pey0bG9eh8dA==

vscode-languageserver-types@3.16.0:
  version "3.16.0"
  resolved "https://registry.yarnpkg.com/vscode-languageserver-types/-/vscode-languageserver-types-3.16.0.tgz#ecf393fc121ec6974b2da3efb3155644c514e247"
  integrity sha512-k8luDIWJWyenLc5ToFQQMaSrqCHiLwyKPHKPQZ5zz21vM+vIVUSvsRpcbiECH4WR88K2XZqc4ScRcZ7nk/jbeA==

vscode-languageserver@^7.0.0:
  version "7.0.0"
  resolved "https://registry.yarnpkg.com/vscode-languageserver/-/vscode-languageserver-7.0.0.tgz#49b068c87cfcca93a356969d20f5d9bdd501c6b0"
  integrity sha512-60HTx5ID+fLRcgdHfmz0LDZAXYEV68fzwG0JWwEPBode9NuMYTIxuYXPg4ngO8i8+Ou0lM7y6GzaYWbiDL0drw==
  dependencies:
    vscode-languageserver-protocol "3.16.0"
